<?xml version="1.0" encoding="utf-8"?>
<Project ToolsVersion="4.0" xmlns="http://schemas.microsoft.com/developer/msbuild/2003">
  <ItemGroup>
    <Filter Include="Source Files">
      <UniqueIdentifier>{4FC737F1-C7A5-4376-A066-2A32D752A2FF}</UniqueIdentifier>
      <Extensions>cpp;c;cc;cxx;def;odl;idl;hpj;bat;asm;asmx</Extensions>
    </Filter>
    <Filter Include="Header Files">
      <UniqueIdentifier>{93995380-89BD-4b04-88EB-625FBE52EBFB}</UniqueIdentifier>
      <Extensions>h;hpp;hxx;hm;inl;inc;xsd</Extensions>
    </Filter>
    <Filter Include="Resource Files">
      <UniqueIdentifier>{67DA6AB6-F800-4c08-8B7A-83BB121AAD01}</UniqueIdentifier>
      <Extensions>rc;ico;cur;bmp;dlg;rc2;rct;bin;rgs;gif;jpg;jpeg;jpe;resx;tiff;tif;png;wav;mfcribbon-ms</Extensions>
    </Filter>
  </ItemGroup>
  <ItemGroup>
    <ClInclude Include="..\color.h">
      <Filter>Header Files</Filter>
    </ClInclude>
    <ClInclude Include="..\common.h">
      <Filter>Header Files</Filter>
    </ClInclude>
    <ClInclude Include="..\complex.h">
      <Filter>Header Files</Filter>
    </ClInclude>
    <ClInclude Include="..\simplewnd.h">
      <Filter>Header Files</Filter>
    </ClInclude>
  </ItemGroup>
  <ItemGroup>
    <ClCompile Include="..\byte.cpp">
      <Filter>Source Files</Filter>
    </ClCompile>
    <ClCompile Include="..\color.cpp">
      <Filter>Source Files</Filter>
    </ClCompile>
    <ClCompile Include="..\colorscheme.cpp">
      <Filter>Source Files</Filter>
    </ClCompile>
    <ClCompile Include="..\const.cpp">
      <Filter>Source Files</Filter>
    </ClCompile>
    <ClCompile Include="..\decode.cpp">
      <Filter>Source Files</Filter>
    </ClCompile>
    <ClCompile Include="..\deinterleave.cpp">
      <Filter>Source Files</Filter>
    </ClCompile>
    <ClCompile Include="..\demap.cpp">
      <Filter>Source Files</Filter>
    </ClCompile>
    <ClCompile Include="..\dprintf.cpp">
      <Filter>Source Files</Filter>
    </ClCompile>
    <ClCompile Include="..\dumpfile.cpp">
      <Filter>Source Files</Filter>
    </ClCompile>
    <ClCompile Include="..\equalizer.cpp">
      <Filter>Source Files</Filter>
    </ClCompile>
    <ClCompile Include="..\fft.cpp">
      <Filter>Source Files</Filter>
    </ClCompile>
    <ClCompile Include="..\keyboard.cpp">
      <Filter>Source Files</Filter>
    </ClCompile>
    <ClCompile Include="..\main.cpp">
      <Filter>Source Files</Filter>
    </ClCompile>
    <ClCompile Include="..\mainproc.cpp">
      <Filter>Source Files</Filter>
    </ClCompile>
    <ClCompile Include="..\mainwin.cpp">
      <Filter>Source Files</Filter>
    </ClCompile>
    <ClCompile Include="..\minst.cpp">
      <Filter>Source Files</Filter>
    </ClCompile>
    <ClCompile Include="..\paint.cpp">
      <Filter>Source Files</Filter>
    </ClCompile>
    <ClCompile Include="..\pilot.cpp">
      <Filter>Source Files</Filter>
    </ClCompile>
    <ClCompile Include="..\playcontrol.cpp">
      <Filter>Source Files</Filter>
    </ClCompile>
    <ClCompile Include="..\pt_border.cpp">
      <Filter>Source Files</Filter>
    </ClCompile>
    <ClCompile Include="..\pt_constel.cpp">
      <Filter>Source Files</Filter>
    </ClCompile>
    <ClCompile Include="..\pt_text.cpp">
      <Filter>Source Files</Filter>
    </ClCompile>
    <ClCompile Include="..\pt_wave.cpp">
      <Filter>Source Files</Filter>
    </ClCompile>
    <ClCompile Include="..\rawdata.cpp">
      <Filter>Source Files</Filter>
    </ClCompile>
    <ClCompile Include="..\simplewnd.cpp">
      <Filter>Source Files</Filter>
    </ClCompile>
    <ClCompile Include="..\symbol.cpp">
      <Filter>Source Files</Filter>
    </ClCompile>
    <ClCompile Include="..\sync.cpp">
      <Filter>Source Files</Filter>
    </ClCompile>
    <ClCompile Include="..\viterbi.cpp">
      <Filter>Source Files</Filter>
    </ClCompile>
  </ItemGroup>
  <ItemGroup>
    <Image Include="..\icon1.ico">
      <Filter>Resource Files</Filter>
    </Image>
    <Image Include="..\sora.ico">
      <Filter>Resource Files</Filter>
    </Image>
  </ItemGroup>
  <ItemGroup>
    <None Include="..\update.py" />
  </ItemGroup>
  <ItemGroup>
    <ResourceCompile Include="..\sdroma.rc">
      <Filter>Resource Files</Filter>
    </ResourceCompile>
    <ResourceCompile Include="..\sora.rc">
      <Filter>Resource Files</Filter>
    </ResourceCompile>
  </ItemGroup>
</Project>