
Microsoft Visual Studio Solution File, Format Version 12.00
# Visual Studio 2012
Project("{8BC9CEB8-8B4A-11D0-8D11-00A0C91BC942}") = "core", "kernel\core\core.vcxproj", "{DB9ED1AD-2FDA-4F1D-8D13-32A81003A679}"
EndProject
Project("{8BC9CEB8-8B4A-11D0-8D11-00A0C91BC942}") = "HWTest", "kernel\HWTest\HWTest.vcxproj", "{BECC13DD-3BD4-45C1-95DD-04ABFEC371F2}"
EndProject
Project("{8BC9CEB8-8B4A-11D0-8D11-00A0C91BC942}") = "inc", "kernel\inc\inc.vcxproj", "{907CF53C-0737-48C6-A66F-0F55F46B897C}"
EndProject
Project("{8BC9CEB8-8B4A-11D0-8D11-00A0C91BC942}") = "RadioManager", "kernel\RadioManager\RadioManager.vcxproj", "{AE665629-0F84-4C2D-9443-11FB36A2E82C}"
EndProject
Project("{8BC9CEB8-8B4A-11D0-8D11-00A0C91BC942}") = "SDRMiniport", "kernel\sample\SDRMiniport\SDRMiniport.vcxproj", "{409F5B15-EBA1-4CBC-A0D2-EA962F8FFA2B}"
EndProject
Project("{8BC9CEB8-8B4A-11D0-8D11-00A0C91BC942}") = "phy", "kernel\sample\phy\phy.vcxproj", "{BA0A728D-9DC1-43E3-A9E3-2798B54F5D58}"
EndProject
Project("{8BC9CEB8-8B4A-11D0-8D11-00A0C91BC942}") = "mac", "kernel\sample\mac\mac.vcxproj", "{A3B8C6B0-810B-450E-94F3-E663CDEC5D05}"
EndProject
Project("{8BC9CEB8-8B4A-11D0-8D11-00A0C91BC942}") = "ll", "kernel\sample\ll\linklayer.vcxproj", "{656A24A7-F1E6-4642-8BC6-075128489FAA}"
EndProject
Project("{2150E333-8FDC-42A3-9474-1A3956D46DE8}") = "bb", "bb", "{F84F7A4B-1543-4F4B-B442-55120926F439}"
	ProjectSection(SolutionItems) = preProject
		kernel\bb\dirs = kernel\bb\dirs
		kernel\bb\readme.txt = kernel\bb\readme.txt
	EndProjectSection
EndProject
Project("{2150E333-8FDC-42A3-9474-1A3956D46DE8}") = "dot11a", "dot11a", "{2F9E62A3-39F5-42DC-9DF2-CCF52349305A}"
EndProject
Project("{8BC9CEB8-8B4A-11D0-8D11-00A0C91BC942}") = "dot11bba", "kernel\bb\dot11a\dot11\dot11bba.vcxproj", "{67A2B2BD-A719-4A1F-A192-A2CFB736A4A4}"
EndProject
Project("{8BC9CEB8-8B4A-11D0-8D11-00A0C91BC942}") = "libbba_lutst", "kernel\bb\dot11a\lutst\libbba_lutst.vcxproj", "{629AAC81-0BDC-4219-87B1-64AF103228FA}"
EndProject
Project("{8BC9CEB8-8B4A-11D0-8D11-00A0C91BC942}") = "libbba_mod", "kernel\bb\dot11a\mod\libbba_mod.vcxproj", "{29885DF2-50FA-4F28-A996-70E9DF7A00F7}"
EndProject
Project("{8BC9CEB8-8B4A-11D0-8D11-00A0C91BC942}") = "dot11b", "kernel\bb\dot11b\dot11b.vcxproj", "{0EFCB671-CAB8-407B-90C2-BE5F05282FA1}"
EndProject
Project("{2150E333-8FDC-42A3-9474-1A3956D46DE8}") = "util", "util", "{7E7E8309-A3FD-44CC-8A41-6611B6487A82}"
	ProjectSection(SolutionItems) = preProject
		kernel\util\dirs = kernel\util\dirs
		kernel\util\readme.txt = kernel\util\readme.txt
	EndProjectSection
EndProject
Project("{8BC9CEB8-8B4A-11D0-8D11-00A0C91BC942}") = "util_arg", "kernel\util\args\util_arg.vcxproj", "{B5A858ED-5B16-4931-8DCA-CA15F8D1AE73}"
EndProject
Project("{8BC9CEB8-8B4A-11D0-8D11-00A0C91BC942}") = "sora_utility", "kernel\util\src\sora_utility.vcxproj", "{2161FFCA-45DA-42A3-B7CE-194DB4E3C288}"
EndProject
Project("{8BC9CEB8-8B4A-11D0-8D11-00A0C91BC942}") = "UMXDot11", "kernel\bb\UMXDot11\UMXDot11.vcxproj", "{32FCC602-A298-4755-B9C3-DBABAAC83129}"
	ProjectSection(ProjectDependencies) = postProject
		{DB9ED1AD-2FDA-4F1D-8D13-32A81003A679} = {DB9ED1AD-2FDA-4F1D-8D13-32A81003A679}
	EndProjectSection
EndProject
Project("{8BC9CEB8-8B4A-11D0-8D11-00A0C91BC942}") = "SoraAppExtSample", "kernel\SoraAppExtSample\SoraAppExtSample.vcxproj", "{83B4F697-51F5-4D64-B7A8-F9B59575198F}"
	ProjectSection(ProjectDependencies) = postProject
		{DB9ED1AD-2FDA-4F1D-8D13-32A81003A679} = {DB9ED1AD-2FDA-4F1D-8D13-32A81003A679}
	EndProjectSection
EndProject
Project("{8BC9CEB8-8B4A-11D0-8D11-00A0C91BC942}") = "brick", "kernel\brick\brick.vcxproj", "{C8407210-BD62-4E73-A868-C0D0898D5ECD}"
EndProject
Project("{2150E333-8FDC-42A3-9474-1A3956D46DE8}") = "brick11", "brick11", "{B58CBF76-976A-4CD1-AB55-6D6A41B10D0E}"
EndProject
Project("{8BC9CEB8-8B4A-11D0-8D11-00A0C91BC942}") = "test_fiber", "test\test_fiber\test_fiber.vcxproj", "{70AB0546-A466-4C88-AA83-6E7F454B6617}"
	ProjectSection(ProjectDependencies) = postProject
		{DB9ED1AD-2FDA-4F1D-8D13-32A81003A679} = {DB9ED1AD-2FDA-4F1D-8D13-32A81003A679}
	EndProjectSection
EndProject
Project("{8BC9CEB8-8B4A-11D0-8D11-00A0C91BC942}") = "test_cck", "test\test_cck\test_cck.vcxproj", "{10DDC802-6DBC-4D96-940C-A7F4734C7A9E}"
	ProjectSection(ProjectDependencies) = postProject
		{DB9ED1AD-2FDA-4F1D-8D13-32A81003A679} = {DB9ED1AD-2FDA-4F1D-8D13-32A81003A679}
	EndProjectSection
EndProject
Project("{8BC9CEB8-8B4A-11D0-8D11-00A0C91BC942}") = "brkmod11", "kernel\bb\brick11\exe\brkmod11.vcxproj", "{501EFFA4-4315-40C8-AB23-625C94314C9B}"
	ProjectSection(ProjectDependencies) = postProject
		{DB9ED1AD-2FDA-4F1D-8D13-32A81003A679} = {DB9ED1AD-2FDA-4F1D-8D13-32A81003A679}
	EndProjectSection
EndProject
Project("{8BC9CEB8-8B4A-11D0-8D11-00A0C91BC942}") = "umxsdra", "kernel\bb\umxsdra\umxsdra.vcxproj", "{C4A85238-DA71-4F83-8492-BB01B417717A}"
	ProjectSection(ProjectDependencies) = postProject
		{DB9ED1AD-2FDA-4F1D-8D13-32A81003A679} = {DB9ED1AD-2FDA-4F1D-8D13-32A81003A679}
	EndProjectSection
EndProject
Project("{8BC9CEB8-8B4A-11D0-8D11-00A0C91BC942}") = "demod11", "kernel\bb\demod11\demod11.vcxproj", "{D0933899-3A9D-45E8-A3CC-7C846583EB8A}"
EndProject
Project("{8BC9CEB8-8B4A-11D0-8D11-00A0C91BC942}") = "brick11", "kernel\bb\brick11\src\brick11.vcxproj", "{619B1709-CB93-4279-BDFF-690D741A07AB}"
EndProject
Project("{2150E333-8FDC-42A3-9474-1A3956D46DE8}") = "DebugPlot", "DebugPlot", "{E83508AE-1B2E-4460-B70C-CB0F8BFAFD53}"
EndProject
Project("{2150E333-8FDC-42A3-9474-1A3956D46DE8}") = "test", "test", "{19747EC7-5698-4CE4-86DF-28DE4AD2D91C}"
EndProject
Project("{8BC9CEB8-8B4A-11D0-8D11-00A0C91BC942}") = "DebugPlotU", "DebugTool\source\DebugPlotU\DebugPlotU.vcxproj", "{BCCA2B1E-C564-477F-B306-5003732B732A}"
EndProject
Project("{8BC9CEB8-8B4A-11D0-8D11-00A0C91BC942}") = "DevTool", "DebugTool\source\DevTool\DevTool.vcxproj", "{95C018B0-2D39-4275-8A5C-01644DBBC398}"
EndProject
Project("{8BC9CEB8-8B4A-11D0-8D11-00A0C91BC942}") = "Common", "DebugTool\source\Common\Common.vcxproj", "{54730AD7-5B11-493B-ADCC-8E4EC3C0204A}"
EndProject
Project("{8BC9CEB8-8B4A-11D0-8D11-00A0C91BC942}") = "umxsniffer", "kernel\bb\umxsniffer\umxsniffer.vcxproj", "{17821BA5-88D7-46CA-9489-42AD53895BE9}"
	ProjectSection(ProjectDependencies) = postProject
		{DB9ED1AD-2FDA-4F1D-8D13-32A81003A679} = {DB9ED1AD-2FDA-4F1D-8D13-32A81003A679}
	EndProjectSection
EndProject
Project("{FAE04EC0-301F-11D3-BF4B-00C04F79EFBC}") = "umxsniffer_logparser", "test\umxsniffer_logparser\umxsniffer_logparser.csproj", "{C9040F33-D5F3-4B15-9861-359649F2B734}"
	ProjectSection(ProjectDependencies) = postProject
		{DB9ED1AD-2FDA-4F1D-8D13-32A81003A679} = {DB9ED1AD-2FDA-4F1D-8D13-32A81003A679}
	EndProjectSection
EndProject
Project("{8BC9CEB8-8B4A-11D0-8D11-00A0C91BC942}") = "test_viterbi_throughput", "test\test_viterbi_throughput\test_viterbi_throughput.vcxproj", "{6E581A95-0F77-4386-BD19-A562F332CFFE}"
	ProjectSection(ProjectDependencies) = postProject
		{DB9ED1AD-2FDA-4F1D-8D13-32A81003A679} = {DB9ED1AD-2FDA-4F1D-8D13-32A81003A679}
	EndProjectSection
EndProject
Project("{8BC9CEB8-8B4A-11D0-8D11-00A0C91BC942}") = "umxsdrbrick", "kernel\bb\umxsdrbrick\umxsdrbrick.vcxproj", "{DCE35895-C8D5-40AD-BCA5-78409C0F855A}"
	ProjectSection(ProjectDependencies) = postProject
		{DB9ED1AD-2FDA-4F1D-8D13-32A81003A679} = {DB9ED1AD-2FDA-4F1D-8D13-32A81003A679}
	EndProjectSection
EndProject
Project("{8BC9CEB8-8B4A-11D0-8D11-00A0C91BC942}") = "FFTAllIn1", "test\Vector1\FFTAllIn1\FFTAllIn1.vcxproj", "{4C44C149-351A-4AAD-BD9E-58B810370E6E}"
EndProject
Global
	GlobalSection(SolutionConfigurationPlatforms) = preSolution
		Debug|Win32 = Debug|Win32
		Debug|x64 = Debug|x64
		Release|Win32 = Release|Win32
		Release|x64 = Release|x64
	EndGlobalSection
	GlobalSection(ProjectConfigurationPlatforms) = postSolution
		{DB9ED1AD-2FDA-4F1D-8D13-32A81003A679}.Debug|Win32.ActiveCfg = Debug|Win32
		{DB9ED1AD-2FDA-4F1D-8D13-32A81003A679}.Debug|Win32.Build.0 = Debug|Win32
		{DB9ED1AD-2FDA-4F1D-8D13-32A81003A679}.Debug|x64.ActiveCfg = Debug|x64
		{DB9ED1AD-2FDA-4F1D-8D13-32A81003A679}.Debug|x64.Build.0 = Debug|x64
		{DB9ED1AD-2FDA-4F1D-8D13-32A81003A679}.Release|Win32.ActiveCfg = Release|Win32
		{DB9ED1AD-2FDA-4F1D-8D13-32A81003A679}.Release|Win32.Build.0 = Release|Win32
		{DB9ED1AD-2FDA-4F1D-8D13-32A81003A679}.Release|x64.ActiveCfg = Release|x64
		{DB9ED1AD-2FDA-4F1D-8D13-32A81003A679}.Release|x64.Build.0 = Release|x64
		{BECC13DD-3BD4-45C1-95DD-04ABFEC371F2}.Debug|Win32.ActiveCfg = Debug|Win32
		{BECC13DD-3BD4-45C1-95DD-04ABFEC371F2}.Debug|x64.ActiveCfg = Debug|x64
		{BECC13DD-3BD4-45C1-95DD-04ABFEC371F2}.Release|Win32.ActiveCfg = Release|Win32
		{BECC13DD-3BD4-45C1-95DD-04ABFEC371F2}.Release|x64.ActiveCfg = Release|x64
		{907CF53C-0737-48C6-A66F-0F55F46B897C}.Debug|Win32.ActiveCfg = Debug|Win32
		{907CF53C-0737-48C6-A66F-0F55F46B897C}.Debug|x64.ActiveCfg = Debug|x64
		{907CF53C-0737-48C6-A66F-0F55F46B897C}.Release|Win32.ActiveCfg = Release|Win32
		{907CF53C-0737-48C6-A66F-0F55F46B897C}.Release|x64.ActiveCfg = Release|x64
		{AE665629-0F84-4C2D-9443-11FB36A2E82C}.Debug|Win32.ActiveCfg = Debug|Win32
		{AE665629-0F84-4C2D-9443-11FB36A2E82C}.Debug|x64.ActiveCfg = Debug|x64
		{AE665629-0F84-4C2D-9443-11FB36A2E82C}.Release|Win32.ActiveCfg = Release|Win32
		{AE665629-0F84-4C2D-9443-11FB36A2E82C}.Release|x64.ActiveCfg = Release|x64
		{409F5B15-EBA1-4CBC-A0D2-EA962F8FFA2B}.Debug|Win32.ActiveCfg = Debug|Win32
		{409F5B15-EBA1-4CBC-A0D2-EA962F8FFA2B}.Debug|x64.ActiveCfg = Debug|x64
		{409F5B15-EBA1-4CBC-A0D2-EA962F8FFA2B}.Release|Win32.ActiveCfg = Release|Win32
		{409F5B15-EBA1-4CBC-A0D2-EA962F8FFA2B}.Release|x64.ActiveCfg = Release|x64
		{BA0A728D-9DC1-43E3-A9E3-2798B54F5D58}.Debug|Win32.ActiveCfg = Debug|Win32
		{BA0A728D-9DC1-43E3-A9E3-2798B54F5D58}.Debug|x64.ActiveCfg = Debug|x64
		{BA0A728D-9DC1-43E3-A9E3-2798B54F5D58}.Release|Win32.ActiveCfg = Release|Win32
		{BA0A728D-9DC1-43E3-A9E3-2798B54F5D58}.Release|x64.ActiveCfg = Release|x64
		{A3B8C6B0-810B-450E-94F3-E663CDEC5D05}.Debug|Win32.ActiveCfg = Debug|Win32
		{A3B8C6B0-810B-450E-94F3-E663CDEC5D05}.Debug|x64.ActiveCfg = Debug|x64
		{A3B8C6B0-810B-450E-94F3-E663CDEC5D05}.Release|Win32.ActiveCfg = Release|Win32
		{A3B8C6B0-810B-450E-94F3-E663CDEC5D05}.Release|x64.ActiveCfg = Release|x64
		{656A24A7-F1E6-4642-8BC6-075128489FAA}.Debug|Win32.ActiveCfg = Debug|Win32
		{656A24A7-F1E6-4642-8BC6-075128489FAA}.Debug|x64.ActiveCfg = Debug|x64
		{656A24A7-F1E6-4642-8BC6-075128489FAA}.Release|Win32.ActiveCfg = Release|Win32
		{656A24A7-F1E6-4642-8BC6-075128489FAA}.Release|x64.ActiveCfg = Release|x64
		{67A2B2BD-A719-4A1F-A192-A2CFB736A4A4}.Debug|Win32.ActiveCfg = Debug|Win32
		{67A2B2BD-A719-4A1F-A192-A2CFB736A4A4}.Debug|Win32.Build.0 = Debug|Win32
		{67A2B2BD-A719-4A1F-A192-A2CFB736A4A4}.Debug|x64.ActiveCfg = Debug|x64
		{67A2B2BD-A719-4A1F-A192-A2CFB736A4A4}.Debug|x64.Build.0 = Debug|x64
		{67A2B2BD-A719-4A1F-A192-A2CFB736A4A4}.Release|Win32.ActiveCfg = Release|Win32
		{67A2B2BD-A719-4A1F-A192-A2CFB736A4A4}.Release|Win32.Build.0 = Release|Win32
		{67A2B2BD-A719-4A1F-A192-A2CFB736A4A4}.Release|x64.ActiveCfg = Release|x64
		{67A2B2BD-A719-4A1F-A192-A2CFB736A4A4}.Release|x64.Build.0 = Release|x64
		{629AAC81-0BDC-4219-87B1-64AF103228FA}.Debug|Win32.ActiveCfg = Debug|Win32
		{629AAC81-0BDC-4219-87B1-64AF103228FA}.Debug|Win32.Build.0 = Debug|Win32
		{629AAC81-0BDC-4219-87B1-64AF103228FA}.Debug|x64.ActiveCfg = Debug|x64
		{629AAC81-0BDC-4219-87B1-64AF103228FA}.Debug|x64.Build.0 = Debug|x64
		{629AAC81-0BDC-4219-87B1-64AF103228FA}.Release|Win32.ActiveCfg = Release|Win32
		{629AAC81-0BDC-4219-87B1-64AF103228FA}.Release|Win32.Build.0 = Release|Win32
		{629AAC81-0BDC-4219-87B1-64AF103228FA}.Release|x64.ActiveCfg = Release|x64
		{629AAC81-0BDC-4219-87B1-64AF103228FA}.Release|x64.Build.0 = Release|x64
		{29885DF2-50FA-4F28-A996-70E9DF7A00F7}.Debug|Win32.ActiveCfg = Debug|Win32
		{29885DF2-50FA-4F28-A996-70E9DF7A00F7}.Debug|Win32.Build.0 = Debug|Win32
		{29885DF2-50FA-4F28-A996-70E9DF7A00F7}.Debug|x64.ActiveCfg = Debug|x64
		{29885DF2-50FA-4F28-A996-70E9DF7A00F7}.Debug|x64.Build.0 = Debug|x64
		{29885DF2-50FA-4F28-A996-70E9DF7A00F7}.Release|Win32.ActiveCfg = Release|Win32
		{29885DF2-50FA-4F28-A996-70E9DF7A00F7}.Release|Win32.Build.0 = Release|Win32
		{29885DF2-50FA-4F28-A996-70E9DF7A00F7}.Release|x64.ActiveCfg = Release|x64
		{29885DF2-50FA-4F28-A996-70E9DF7A00F7}.Release|x64.Build.0 = Release|x64
		{0EFCB671-CAB8-407B-90C2-BE5F05282FA1}.Debug|Win32.ActiveCfg = Debug|Win32
		{0EFCB671-CAB8-407B-90C2-BE5F05282FA1}.Debug|Win32.Build.0 = Debug|Win32
		{0EFCB671-CAB8-407B-90C2-BE5F05282FA1}.Debug|x64.ActiveCfg = Debug|x64
		{0EFCB671-CAB8-407B-90C2-BE5F05282FA1}.Debug|x64.Build.0 = Debug|x64
		{0EFCB671-CAB8-407B-90C2-BE5F05282FA1}.Release|Win32.ActiveCfg = Release|Win32
		{0EFCB671-CAB8-407B-90C2-BE5F05282FA1}.Release|Win32.Build.0 = Release|Win32
		{0EFCB671-CAB8-407B-90C2-BE5F05282FA1}.Release|x64.ActiveCfg = Release|x64
		{0EFCB671-CAB8-407B-90C2-BE5F05282FA1}.Release|x64.Build.0 = Release|x64
		{B5A858ED-5B16-4931-8DCA-CA15F8D1AE73}.Debug|Win32.ActiveCfg = Debug|Win32
		{B5A858ED-5B16-4931-8DCA-CA15F8D1AE73}.Debug|Win32.Build.0 = Debug|Win32
		{B5A858ED-5B16-4931-8DCA-CA15F8D1AE73}.Debug|x64.ActiveCfg = Debug|x64
		{B5A858ED-5B16-4931-8DCA-CA15F8D1AE73}.Debug|x64.Build.0 = Debug|x64
		{B5A858ED-5B16-4931-8DCA-CA15F8D1AE73}.Release|Win32.ActiveCfg = Release|Win32
		{B5A858ED-5B16-4931-8DCA-CA15F8D1AE73}.Release|Win32.Build.0 = Release|Win32
		{B5A858ED-5B16-4931-8DCA-CA15F8D1AE73}.Release|x64.ActiveCfg = Release|x64
		{B5A858ED-5B16-4931-8DCA-CA15F8D1AE73}.Release|x64.Build.0 = Release|x64
		{2161FFCA-45DA-42A3-B7CE-194DB4E3C288}.Debug|Win32.ActiveCfg = Debug|Win32
		{2161FFCA-45DA-42A3-B7CE-194DB4E3C288}.Debug|Win32.Build.0 = Debug|Win32
		{2161FFCA-45DA-42A3-B7CE-194DB4E3C288}.Debug|x64.ActiveCfg = Debug|x64
		{2161FFCA-45DA-42A3-B7CE-194DB4E3C288}.Debug|x64.Build.0 = Debug|x64
		{2161FFCA-45DA-42A3-B7CE-194DB4E3C288}.Release|Win32.ActiveCfg = Release|Win32
		{2161FFCA-45DA-42A3-B7CE-194DB4E3C288}.Release|Win32.Build.0 = Release|Win32
		{2161FFCA-45DA-42A3-B7CE-194DB4E3C288}.Release|x64.ActiveCfg = Release|x64
		{2161FFCA-45DA-42A3-B7CE-194DB4E3C288}.Release|x64.Build.0 = Release|x64
		{32FCC602-A298-4755-B9C3-DBABAAC83129}.Debug|Win32.ActiveCfg = Debug|Win32
		{32FCC602-A298-4755-B9C3-DBABAAC83129}.Debug|Win32.Build.0 = Debug|Win32
		{32FCC602-A298-4755-B9C3-DBABAAC83129}.Debug|x64.ActiveCfg = Debug|x64
		{32FCC602-A298-4755-B9C3-DBABAAC83129}.Debug|x64.Build.0 = Debug|x64
		{32FCC602-A298-4755-B9C3-DBABAAC83129}.Release|Win32.ActiveCfg = Release|Win32
		{32FCC602-A298-4755-B9C3-DBABAAC83129}.Release|Win32.Build.0 = Release|Win32
		{32FCC602-A298-4755-B9C3-DBABAAC83129}.Release|x64.ActiveCfg = Release|x64
		{32FCC602-A298-4755-B9C3-DBABAAC83129}.Release|x64.Build.0 = Release|x64
		{83B4F697-51F5-4D64-B7A8-F9B59575198F}.Debug|Win32.ActiveCfg = Debug|Win32
		{83B4F697-51F5-4D64-B7A8-F9B59575198F}.Debug|Win32.Build.0 = Debug|Win32
		{83B4F697-51F5-4D64-B7A8-F9B59575198F}.Debug|x64.ActiveCfg = Debug|x64
		{83B4F697-51F5-4D64-B7A8-F9B59575198F}.Debug|x64.Build.0 = Debug|x64
		{83B4F697-51F5-4D64-B7A8-F9B59575198F}.Release|Win32.ActiveCfg = Release|Win32
		{83B4F697-51F5-4D64-B7A8-F9B59575198F}.Release|Win32.Build.0 = Release|Win32
		{83B4F697-51F5-4D64-B7A8-F9B59575198F}.Release|x64.ActiveCfg = Release|x64
		{83B4F697-51F5-4D64-B7A8-F9B59575198F}.Release|x64.Build.0 = Release|x64
		{C8407210-BD62-4E73-A868-C0D0898D5ECD}.Debug|Win32.ActiveCfg = Debug|Win32
		{C8407210-BD62-4E73-A868-C0D0898D5ECD}.Debug|Win32.Build.0 = Debug|Win32
		{C8407210-BD62-4E73-A868-C0D0898D5ECD}.Debug|x64.ActiveCfg = Debug|x64
		{C8407210-BD62-4E73-A868-C0D0898D5ECD}.Release|Win32.ActiveCfg = Release|Win32
		{C8407210-BD62-4E73-A868-C0D0898D5ECD}.Release|x64.ActiveCfg = Release|x64
		{70AB0546-A466-4C88-AA83-6E7F454B6617}.Debug|Win32.ActiveCfg = Debug|Win32
		{70AB0546-A466-4C88-AA83-6E7F454B6617}.Debug|Win32.Build.0 = Debug|Win32
		{70AB0546-A466-4C88-AA83-6E7F454B6617}.Debug|x64.ActiveCfg = Debug|Win32
		{70AB0546-A466-4C88-AA83-6E7F454B6617}.Release|Win32.ActiveCfg = Release|Win32
		{70AB0546-A466-4C88-AA83-6E7F454B6617}.Release|Win32.Build.0 = Release|Win32
		{70AB0546-A466-4C88-AA83-6E7F454B6617}.Release|x64.ActiveCfg = Release|Win32
		{10DDC802-6DBC-4D96-940C-A7F4734C7A9E}.Debug|Win32.ActiveCfg = Debug|Win32
		{10DDC802-6DBC-4D96-940C-A7F4734C7A9E}.Debug|Win32.Build.0 = Debug|Win32
		{10DDC802-6DBC-4D96-940C-A7F4734C7A9E}.Debug|x64.ActiveCfg = Debug|Win32
		{10DDC802-6DBC-4D96-940C-A7F4734C7A9E}.Release|Win32.ActiveCfg = Release|Win32
		{10DDC802-6DBC-4D96-940C-A7F4734C7A9E}.Release|Win32.Build.0 = Release|Win32
		{10DDC802-6DBC-4D96-940C-A7F4734C7A9E}.Release|x64.ActiveCfg = Release|Win32
		{501EFFA4-4315-40C8-AB23-625C94314C9B}.Debug|Win32.ActiveCfg = Debug|Win32
		{501EFFA4-4315-40C8-AB23-625C94314C9B}.Debug|Win32.Build.0 = Debug|Win32
		{501EFFA4-4315-40C8-AB23-625C94314C9B}.Debug|x64.ActiveCfg = Debug|Win32
		{501EFFA4-4315-40C8-AB23-625C94314C9B}.Release|Win32.ActiveCfg = Release|Win32
		{501EFFA4-4315-40C8-AB23-625C94314C9B}.Release|Win32.Build.0 = Release|Win32
		{501EFFA4-4315-40C8-AB23-625C94314C9B}.Release|x64.ActiveCfg = Release|Win32
		{C4A85238-DA71-4F83-8492-BB01B417717A}.Debug|Win32.ActiveCfg = Debug|Win32
		{C4A85238-DA71-4F83-8492-BB01B417717A}.Debug|Win32.Build.0 = Debug|Win32
		{C4A85238-DA71-4F83-8492-BB01B417717A}.Debug|x64.ActiveCfg = Debug|Win32
		{C4A85238-DA71-4F83-8492-BB01B417717A}.Release|Win32.ActiveCfg = Release|Win32
		{C4A85238-DA71-4F83-8492-BB01B417717A}.Release|Win32.Build.0 = Release|Win32
		{C4A85238-DA71-4F83-8492-BB01B417717A}.Release|x64.ActiveCfg = Release|Win32
		{D0933899-3A9D-45E8-A3CC-7C846583EB8A}.Debug|Win32.ActiveCfg = Debug|Win32
		{D0933899-3A9D-45E8-A3CC-7C846583EB8A}.Debug|Win32.Build.0 = Debug|Win32
		{D0933899-3A9D-45E8-A3CC-7C846583EB8A}.Debug|x64.ActiveCfg = Debug|x64
		{D0933899-3A9D-45E8-A3CC-7C846583EB8A}.Debug|x64.Build.0 = Debug|x64
		{D0933899-3A9D-45E8-A3CC-7C846583EB8A}.Release|Win32.ActiveCfg = Release|Win32
		{D0933899-3A9D-45E8-A3CC-7C846583EB8A}.Release|Win32.Build.0 = Release|Win32
		{D0933899-3A9D-45E8-A3CC-7C846583EB8A}.Release|x64.ActiveCfg = Release|x64
		{D0933899-3A9D-45E8-A3CC-7C846583EB8A}.Release|x64.Build.0 = Release|x64
		{619B1709-CB93-4279-BDFF-690D741A07AB}.Debug|Win32.ActiveCfg = Debug|Win32
		{619B1709-CB93-4279-BDFF-690D741A07AB}.Debug|Win32.Build.0 = Debug|Win32
		{619B1709-CB93-4279-BDFF-690D741A07AB}.Debug|x64.ActiveCfg = Debug|Win32
		{619B1709-CB93-4279-BDFF-690D741A07AB}.Release|Win32.ActiveCfg = Release|Win32
		{619B1709-CB93-4279-BDFF-690D741A07AB}.Release|x64.ActiveCfg = Release|Win32
		{BCCA2B1E-C564-477F-B306-5003732B732A}.Debug|Win32.ActiveCfg = Debug|Win32
		{BCCA2B1E-C564-477F-B306-5003732B732A}.Debug|Win32.Build.0 = Debug|Win32
		{BCCA2B1E-C564-477F-B306-5003732B732A}.Debug|x64.ActiveCfg = Debug|Win32
		{BCCA2B1E-C564-477F-B306-5003732B732A}.Release|Win32.ActiveCfg = Release|Win32
		{BCCA2B1E-C564-477F-B306-5003732B732A}.Release|Win32.Build.0 = Release|Win32
		{BCCA2B1E-C564-477F-B306-5003732B732A}.Release|x64.ActiveCfg = Release|Win32
		{95C018B0-2D39-4275-8A5C-01644DBBC398}.Debug|Win32.ActiveCfg = Debug|Win32
		{95C018B0-2D39-4275-8A5C-01644DBBC398}.Debug|Win32.Build.0 = Debug|Win32
		{95C018B0-2D39-4275-8A5C-01644DBBC398}.Debug|x64.ActiveCfg = Debug|Win32
		{95C018B0-2D39-4275-8A5C-01644DBBC398}.Release|Win32.ActiveCfg = Release|Win32
		{95C018B0-2D39-4275-8A5C-01644DBBC398}.Release|Win32.Build.0 = Release|Win32
		{95C018B0-2D39-4275-8A5C-01644DBBC398}.Release|x64.ActiveCfg = Release|Win32
		{54730AD7-5B11-493B-ADCC-8E4EC3C0204A}.Debug|Win32.ActiveCfg = Debug|Win32
		{54730AD7-5B11-493B-ADCC-8E4EC3C0204A}.Debug|Win32.Build.0 = Debug|Win32
		{54730AD7-5B11-493B-ADCC-8E4EC3C0204A}.Debug|x64.ActiveCfg = Debug|Win32
		{54730AD7-5B11-493B-ADCC-8E4EC3C0204A}.Release|Win32.ActiveCfg = Release|Win32
		{54730AD7-5B11-493B-ADCC-8E4EC3C0204A}.Release|Win32.Build.0 = Release|Win32
		{54730AD7-5B11-493B-ADCC-8E4EC3C0204A}.Release|x64.ActiveCfg = Release|Win32
		{17821BA5-88D7-46CA-9489-42AD53895BE9}.Debug|Win32.ActiveCfg = Debug|Win32
		{17821BA5-88D7-46CA-9489-42AD53895BE9}.Debug|Win32.Build.0 = Debug|Win32
		{17821BA5-88D7-46CA-9489-42AD53895BE9}.Debug|x64.ActiveCfg = Debug|Win32
		{17821BA5-88D7-46CA-9489-42AD53895BE9}.Release|Win32.ActiveCfg = Release|Win32
		{17821BA5-88D7-46CA-9489-42AD53895BE9}.Release|Win32.Build.0 = Release|Win32
		{17821BA5-88D7-46CA-9489-42AD53895BE9}.Release|x64.ActiveCfg = Release|Win32
		{C9040F33-D5F3-4B15-9861-359649F2B734}.Debug|Win32.ActiveCfg = Debug|x86
		{C9040F33-D5F3-4B15-9861-359649F2B734}.Debug|Win32.Build.0 = Debug|x86
		{C9040F33-D5F3-4B15-9861-359649F2B734}.Debug|x64.ActiveCfg = Debug|x86
		{C9040F33-D5F3-4B15-9861-359649F2B734}.Release|Win32.ActiveCfg = Release|x86
		{C9040F33-D5F3-4B15-9861-359649F2B734}.Release|x64.ActiveCfg = Release|x86
		{6E581A95-0F77-4386-BD19-A562F332CFFE}.Debug|Win32.ActiveCfg = Debug|Win32
		{6E581A95-0F77-4386-BD19-A562F332CFFE}.Debug|Win32.Build.0 = Debug|Win32
		{6E581A95-0F77-4386-BD19-A562F332CFFE}.Debug|x64.ActiveCfg = Debug|Win32
		{6E581A95-0F77-4386-BD19-A562F332CFFE}.Release|Win32.ActiveCfg = Release|Win32
		{6E581A95-0F77-4386-BD19-A562F332CFFE}.Release|Win32.Build.0 = Release|Win32
		{6E581A95-0F77-4386-BD19-A562F332CFFE}.Release|x64.ActiveCfg = Release|Win32
		{DCE35895-C8D5-40AD-BCA5-78409C0F855A}.Debug|Win32.ActiveCfg = Debug|Win32
		{DCE35895-C8D5-40AD-BCA5-78409C0F855A}.Debug|Win32.Build.0 = Debug|Win32
		{DCE35895-C8D5-40AD-BCA5-78409C0F855A}.Debug|x64.ActiveCfg = Debug|Win32
		{DCE35895-C8D5-40AD-BCA5-78409C0F855A}.Release|Win32.ActiveCfg = Release|Win32
		{DCE35895-C8D5-40AD-BCA5-78409C0F855A}.Release|Win32.Build.0 = Release|Win32
		{DCE35895-C8D5-40AD-BCA5-78409C0F855A}.Release|x64.ActiveCfg = Release|Win32
		{4C44C149-351A-4AAD-BD9E-58B810370E6E}.Debug|Win32.ActiveCfg = Debug|Win32
		{4C44C149-351A-4AAD-BD9E-58B810370E6E}.Debug|Win32.Build.0 = Debug|Win32
		{4C44C149-351A-4AAD-BD9E-58B810370E6E}.Debug|Win32.Deploy.0 = Debug|Win32
		{4C44C149-351A-4AAD-BD9E-58B810370E6E}.Debug|x64.ActiveCfg = Debug|x64
		{4C44C149-351A-4AAD-BD9E-58B810370E6E}.Debug|x64.Build.0 = Debug|x64
		{4C44C149-351A-4AAD-BD9E-58B810370E6E}.Release|Win32.ActiveCfg = Release|Win32
		{4C44C149-351A-4AAD-BD9E-58B810370E6E}.Release|Win32.Build.0 = Release|Win32
		{4C44C149-351A-4AAD-BD9E-58B810370E6E}.Release|Win32.Deploy.0 = Release|Win32
		{4C44C149-351A-4AAD-BD9E-58B810370E6E}.Release|x64.ActiveCfg = Release|x64
		{4C44C149-351A-4AAD-BD9E-58B810370E6E}.Release|x64.Build.0 = Release|x64
	EndGlobalSection
	GlobalSection(SolutionProperties) = preSolution
		HideSolutionNode = FALSE
	EndGlobalSection
	GlobalSection(NestedProjects) = preSolution
		{2F9E62A3-39F5-42DC-9DF2-CCF52349305A} = {F84F7A4B-1543-4F4B-B442-55120926F439}
		{67A2B2BD-A719-4A1F-A192-A2CFB736A4A4} = {2F9E62A3-39F5-42DC-9DF2-CCF52349305A}
		{629AAC81-0BDC-4219-87B1-64AF103228FA} = {2F9E62A3-39F5-42DC-9DF2-CCF52349305A}
		{29885DF2-50FA-4F28-A996-70E9DF7A00F7} = {2F9E62A3-39F5-42DC-9DF2-CCF52349305A}
		{0EFCB671-CAB8-407B-90C2-BE5F05282FA1} = {F84F7A4B-1543-4F4B-B442-55120926F439}
		{B5A858ED-5B16-4931-8DCA-CA15F8D1AE73} = {7E7E8309-A3FD-44CC-8A41-6611B6487A82}
		{2161FFCA-45DA-42A3-B7CE-194DB4E3C288} = {7E7E8309-A3FD-44CC-8A41-6611B6487A82}
		{32FCC602-A298-4755-B9C3-DBABAAC83129} = {F84F7A4B-1543-4F4B-B442-55120926F439}
		{B58CBF76-976A-4CD1-AB55-6D6A41B10D0E} = {F84F7A4B-1543-4F4B-B442-55120926F439}
		{70AB0546-A466-4C88-AA83-6E7F454B6617} = {19747EC7-5698-4CE4-86DF-28DE4AD2D91C}
		{10DDC802-6DBC-4D96-940C-A7F4734C7A9E} = {19747EC7-5698-4CE4-86DF-28DE4AD2D91C}
		{501EFFA4-4315-40C8-AB23-625C94314C9B} = {B58CBF76-976A-4CD1-AB55-6D6A41B10D0E}
		{C4A85238-DA71-4F83-8492-BB01B417717A} = {F84F7A4B-1543-4F4B-B442-55120926F439}
		{D0933899-3A9D-45E8-A3CC-7C846583EB8A} = {F84F7A4B-1543-4F4B-B442-55120926F439}
		{619B1709-CB93-4279-BDFF-690D741A07AB} = {B58CBF76-976A-4CD1-AB55-6D6A41B10D0E}
		{BCCA2B1E-C564-477F-B306-5003732B732A} = {E83508AE-1B2E-4460-B70C-CB0F8BFAFD53}
		{95C018B0-2D39-4275-8A5C-01644DBBC398} = {E83508AE-1B2E-4460-B70C-CB0F8BFAFD53}
		{54730AD7-5B11-493B-ADCC-8E4EC3C0204A} = {E83508AE-1B2E-4460-B70C-CB0F8BFAFD53}
		{17821BA5-88D7-46CA-9489-42AD53895BE9} = {F84F7A4B-1543-4F4B-B442-55120926F439}
		{C9040F33-D5F3-4B15-9861-359649F2B734} = {19747EC7-5698-4CE4-86DF-28DE4AD2D91C}
		{6E581A95-0F77-4386-BD19-A562F332CFFE} = {19747EC7-5698-4CE4-86DF-28DE4AD2D91C}
		{DCE35895-C8D5-40AD-BCA5-78409C0F855A} = {F84F7A4B-1543-4F4B-B442-55120926F439}
		{4C44C149-351A-4AAD-BD9E-58B810370E6E} = {19747EC7-5698-4CE4-86DF-28DE4AD2D91C}
	EndGlobalSection
EndGlobal
