<?xml version="1.0" encoding="utf-8"?>
<Project ToolsVersion="4.0" xmlns="http://schemas.microsoft.com/developer/msbuild/2003">
  <ItemGroup>
    <Filter Include="Source Files">
      <UniqueIdentifier>{4FC737F1-C7A5-4376-A066-2A32D752A2FF}</UniqueIdentifier>
      <Extensions>cpp;c;cc;cxx;def;odl;idl;hpj;bat;asm;asmx</Extensions>
    </Filter>
    <Filter Include="Header Files">
      <UniqueIdentifier>{93995380-89BD-4b04-88EB-625FBE52EBFB}</UniqueIdentifier>
      <Extensions>h;hpp;hxx;hm;inl;inc;xsd</Extensions>
    </Filter>
    <Filter Include="Resource Files">
      <UniqueIdentifier>{67DA6AB6-F800-4c08-8B7A-83BB121AAD01}</UniqueIdentifier>
      <Extensions>rc;ico;cur;bmp;dlg;rc2;rct;bin;rgs;gif;jpg;jpeg;jpe;resx;tiff;tif;png;wav</Extensions>
    </Filter>
    <Filter Include="exe">
      <UniqueIdentifier>{0f92a063-dbd4-4e7a-be9a-792db8d29451}</UniqueIdentifier>
    </Filter>
    <Filter Include="sys5x">
      <UniqueIdentifier>{c9c67ad6-ff48-4471-9820-ef70d11111ee}</UniqueIdentifier>
    </Filter>
    <Filter Include="sys6x">
      <UniqueIdentifier>{86302eec-f0ec-45a7-8475-3071825d462d}</UniqueIdentifier>
    </Filter>
  </ItemGroup>
  <ItemGroup>
    <ClCompile Include="init.c">
      <Filter>Source Files</Filter>
    </ClCompile>
    <ClCompile Include="ioctrl.c">
      <Filter>Source Files</Filter>
    </ClCompile>
    <ClCompile Include="exe\main.c">
      <Filter>exe</Filter>
    </ClCompile>
    <ClCompile Include="exe\unittest.c">
      <Filter>exe</Filter>
    </ClCompile>
    <ClCompile Include="sys5x\miniport.c">
      <Filter>sys5x</Filter>
    </ClCompile>
    <ClCompile Include="sys5x\request.c">
      <Filter>sys5x</Filter>
    </ClCompile>
    <ClCompile Include="sys5x\sendrcv.c">
      <Filter>sys5x</Filter>
    </ClCompile>
    <ClCompile Include="sys6x\miniport.c">
      <Filter>sys6x</Filter>
    </ClCompile>
    <ClCompile Include="sys6x\request.c">
      <Filter>sys6x</Filter>
    </ClCompile>
    <ClCompile Include="sys6x\sendrcv.c">
      <Filter>sys6x</Filter>
    </ClCompile>
  </ItemGroup>
  <ItemGroup>
    <ClInclude Include="init.h">
      <Filter>Header Files</Filter>
    </ClInclude>
    <ClInclude Include="ioctrl.h">
      <Filter>Header Files</Filter>
    </ClInclude>
    <ClInclude Include="miniport.h">
      <Filter>Header Files</Filter>
    </ClInclude>
    <ClInclude Include="sendrcv.h">
      <Filter>Header Files</Filter>
    </ClInclude>
    <ClInclude Include="trace.h">
      <Filter>Header Files</Filter>
    </ClInclude>
    <ClInclude Include="exe\dot11config.h">
      <Filter>exe</Filter>
    </ClInclude>
    <ClInclude Include="sys6x\request.h">
      <Filter>sys6x</Filter>
    </ClInclude>
  </ItemGroup>
  <ItemGroup>
    <None Include="exe\Sources">
      <Filter>exe</Filter>
    </None>
    <None Include="sys5x\makefile">
      <Filter>sys5x</Filter>
    </None>
    <None Include="sys5x\sources">
      <Filter>sys5x</Filter>
    </None>
    <None Include="sys6x\makefile">
      <Filter>sys6x</Filter>
    </None>
    <None Include="sys6x\sdr.inf">
      <Filter>sys6x</Filter>
    </None>
    <None Include="sys6x\sources">
      <Filter>sys6x</Filter>
    </None>
    <None Include="sys5x\sdr.inx">
      <Filter>sys5x</Filter>
    </None>
  </ItemGroup>
  <ItemGroup>
    <ResourceCompile Include="exe\dot11config.rc">
      <Filter>exe</Filter>
    </ResourceCompile>
    <ResourceCompile Include="sys5x\sdr.rc">
      <Filter>sys5x</Filter>
    </ResourceCompile>
  </ItemGroup>
</Project>