
Microsoft Visual Studio Solution File, Format Version 12.00
# Visual Studio 2012
Project("{8BC9CEB8-8B4A-11D0-8D11-00A0C91BC942}") = "DebugPlotU", "DebugPlotU\DebugPlotU.vcxproj", "{BCCA2B1E-C564-477F-B306-5003732B732A}"
EndProject
Project("{8BC9CEB8-8B4A-11D0-8D11-00A0C91BC942}") = "TestPlotter", "TestPlotter\TestPlotter.vcxproj", "{3777397F-451D-44B7-8641-3635AFEEE61E}"
EndProject
Project("{8BC9CEB8-8B4A-11D0-8D11-00A0C91BC942}") = "DevTool", "DevTool\DevTool.vcxproj", "{95C018B0-2D39-4275-8A5C-01644DBBC398}"
EndProject
Project("{2150E333-8FDC-42A3-9474-1A3956D46DE8}") = "Solution Items", "Solution Items", "{9EE77D7E-50D9-4434-AF4E-89C60A4D8673}"
EndProject
Project("{8BC9CEB8-8B4A-11D0-8D11-00A0C91BC942}") = "SampleCodeForDocument", "SampleCodeForDocument\SampleCodeForDocument.vcxproj", "{CFD15856-9DD3-48E6-9D7B-1891B355D3DB}"
EndProject
Project("{8BC9CEB8-8B4A-11D0-8D11-00A0C91BC942}") = "Common", "Common\Common.vcxproj", "{54730AD7-5B11-493B-ADCC-8E4EC3C0204A}"
EndProject
Project("{8BC9CEB8-8B4A-11D0-8D11-00A0C91BC942}") = "LibViewer", "LibViewer\LibViewer.vcxproj", "{6AE0EA97-EB5A-40E1-92D8-54532E208BE1}"
EndProject
Project("{8BC9CEB8-8B4A-11D0-8D11-00A0C91BC942}") = "TestLibViewer", "TestLibViewer\TestLibViewer.vcxproj", "{70040801-D3AA-479A-B0C2-57E09A8FCBF5}"
	ProjectSection(ProjectDependencies) = postProject
		{BCCA2B1E-C564-477F-B306-5003732B732A} = {BCCA2B1E-C564-477F-B306-5003732B732A}
	EndProjectSection
EndProject
Project("{8BC9CEB8-8B4A-11D0-8D11-00A0C91BC942}") = "DbgPlotViewer", "DbgPlotViewer\DbgPlotViewer.vcxproj", "{19D199A8-1BF1-49E4-97F6-B4CB51F6F58B}"
	ProjectSection(ProjectDependencies) = postProject
		{BCCA2B1E-C564-477F-B306-5003732B732A} = {BCCA2B1E-C564-477F-B306-5003732B732A}
		{3C8E337B-2C75-4840-97E1-63CDD167676F} = {3C8E337B-2C75-4840-97E1-63CDD167676F}
	EndProjectSection
EndProject
Project("{8BC9CEB8-8B4A-11D0-8D11-00A0C91BC942}") = "DebugPlotU_Viewer", "DebugPlotU_Viewer\DebugPlotU_Viewer.vcxproj", "{3C8E337B-2C75-4840-97E1-63CDD167676F}"
EndProject
Project("{2150E333-8FDC-42A3-9474-1A3956D46DE8}") = "ChannelLibrary", "ChannelLibrary", "{E990A998-3922-4FCE-979A-32D47F567D60}"
EndProject
Project("{8BC9CEB8-8B4A-11D0-8D11-00A0C91BC942}") = "ChannelLib", "DebugPlotChannelLibrary\ChannelLib\DebugPlotChannelLib.vcxproj", "{3FA83482-3536-4837-8782-21B599DC0EBE}"
EndProject
Project("{8BC9CEB8-8B4A-11D0-8D11-00A0C91BC942}") = "ViewerLib", "DebugPlotChannelLibrary\ViewerLib\DebugPlotViewerLib.vcxproj", "{EFE86605-414B-4B41-B4C8-0DFBE2D8739E}"
EndProject
Project("{8BC9CEB8-8B4A-11D0-8D11-00A0C91BC942}") = "ChannelLibExt", "DebugPlotChannelLibrary\ChannelLibExt\ChannelLibExt.vcxproj", "{75807E04-0ED6-4786-8C19-2EC12D4208A6}"
EndProject
Project("{8BC9CEB8-8B4A-11D0-8D11-00A0C91BC942}") = "ViewerLibExt", "DebugPlotChannelLibrary\ViewerLibExt\ViewerLibExt.vcxproj", "{1807A82F-9D7D-4138-B439-E608ABA18A0A}"
EndProject
Project("{8BC9CEB8-8B4A-11D0-8D11-00A0C91BC942}") = "ChannelLibraryMonitor", "DebugPlotChannelLibrary\ChannelLibraryMonitor\ChannelLibraryMonitor.vcxproj", "{4016450E-1EFE-4AED-89FD-BDE76538D7E3}"
EndProject
Project("{8BC9CEB8-8B4A-11D0-8D11-00A0C91BC942}") = "TestPlotter", "DebugPlotChannelLibrary\Test\TestPlotter\TestPlotter.vcxproj", "{E1E41698-035E-4AAE-90B9-55196C56BF09}"
EndProject
Project("{8BC9CEB8-8B4A-11D0-8D11-00A0C91BC942}") = "TestViewer", "DebugPlotChannelLibrary\Test\TestViewer\TestViewer.vcxproj", "{15D5402F-92D6-427D-86EA-C16435DC8846}"
EndProject
Project("{8BC9CEB8-8B4A-11D0-8D11-00A0C91BC942}") = "SamplePlotter", "DebugPlotChannelLibrary\Sample\SamplePlotter\SamplePlotter.vcxproj", "{F46A8499-6EE5-406C-8F13-DDFE1D477EAB}"
EndProject
Project("{8BC9CEB8-8B4A-11D0-8D11-00A0C91BC942}") = "SampleViewer", "DebugPlotChannelLibrary\Sample\SampleViewer\SampleViewer.vcxproj", "{C85ABFEB-B3AA-4C6F-BFE3-582E9A1C1DE2}"
EndProject
Global
	GlobalSection(SolutionConfigurationPlatforms) = preSolution
		Debug|Any CPU = Debug|Any CPU
		Debug|ARM = Debug|ARM
		Debug|Mixed Platforms = Debug|Mixed Platforms
		Debug|Win32 = Debug|Win32
		Debug|x64 = Debug|x64
		Release|Any CPU = Release|Any CPU
		Release|ARM = Release|ARM
		Release|Mixed Platforms = Release|Mixed Platforms
		Release|Win32 = Release|Win32
		Release|x64 = Release|x64
	EndGlobalSection
	GlobalSection(ProjectConfigurationPlatforms) = postSolution
		{BCCA2B1E-C564-477F-B306-5003732B732A}.Debug|Any CPU.ActiveCfg = Debug|Win32
		{BCCA2B1E-C564-477F-B306-5003732B732A}.Debug|ARM.ActiveCfg = Debug|Win32
		{BCCA2B1E-C564-477F-B306-5003732B732A}.Debug|Mixed Platforms.ActiveCfg = Debug|Win32
		{BCCA2B1E-C564-477F-B306-5003732B732A}.Debug|Mixed Platforms.Build.0 = Debug|Win32
		{BCCA2B1E-C564-477F-B306-5003732B732A}.Debug|Win32.ActiveCfg = Debug|Win32
		{BCCA2B1E-C564-477F-B306-5003732B732A}.Debug|Win32.Build.0 = Debug|Win32
		{BCCA2B1E-C564-477F-B306-5003732B732A}.Debug|x64.ActiveCfg = Debug|Win32
		{BCCA2B1E-C564-477F-B306-5003732B732A}.Release|Any CPU.ActiveCfg = Release|Win32
		{BCCA2B1E-C564-477F-B306-5003732B732A}.Release|ARM.ActiveCfg = Release|Win32
		{BCCA2B1E-C564-477F-B306-5003732B732A}.Release|Mixed Platforms.ActiveCfg = Release|Win32
		{BCCA2B1E-C564-477F-B306-5003732B732A}.Release|Mixed Platforms.Build.0 = Release|Win32
		{BCCA2B1E-C564-477F-B306-5003732B732A}.Release|Win32.ActiveCfg = Release|Win32
		{BCCA2B1E-C564-477F-B306-5003732B732A}.Release|Win32.Build.0 = Release|Win32
		{BCCA2B1E-C564-477F-B306-5003732B732A}.Release|x64.ActiveCfg = Release|Win32
		{3777397F-451D-44B7-8641-3635AFEEE61E}.Debug|Any CPU.ActiveCfg = Debug|Win32
		{3777397F-451D-44B7-8641-3635AFEEE61E}.Debug|ARM.ActiveCfg = Debug|Win32
		{3777397F-451D-44B7-8641-3635AFEEE61E}.Debug|Mixed Platforms.ActiveCfg = Debug|Win32
		{3777397F-451D-44B7-8641-3635AFEEE61E}.Debug|Mixed Platforms.Build.0 = Debug|Win32
		{3777397F-451D-44B7-8641-3635AFEEE61E}.Debug|Win32.ActiveCfg = Debug|Win32
		{3777397F-451D-44B7-8641-3635AFEEE61E}.Debug|Win32.Build.0 = Debug|Win32
		{3777397F-451D-44B7-8641-3635AFEEE61E}.Debug|x64.ActiveCfg = Debug|Win32
		{3777397F-451D-44B7-8641-3635AFEEE61E}.Release|Any CPU.ActiveCfg = Release|Win32
		{3777397F-451D-44B7-8641-3635AFEEE61E}.Release|ARM.ActiveCfg = Release|Win32
		{3777397F-451D-44B7-8641-3635AFEEE61E}.Release|Mixed Platforms.ActiveCfg = Release|Win32
		{3777397F-451D-44B7-8641-3635AFEEE61E}.Release|Mixed Platforms.Build.0 = Release|Win32
		{3777397F-451D-44B7-8641-3635AFEEE61E}.Release|Win32.ActiveCfg = Release|Win32
		{3777397F-451D-44B7-8641-3635AFEEE61E}.Release|Win32.Build.0 = Release|Win32
		{3777397F-451D-44B7-8641-3635AFEEE61E}.Release|x64.ActiveCfg = Release|Win32
		{95C018B0-2D39-4275-8A5C-01644DBBC398}.Debug|Any CPU.ActiveCfg = Debug|Win32
		{95C018B0-2D39-4275-8A5C-01644DBBC398}.Debug|ARM.ActiveCfg = Debug|Win32
		{95C018B0-2D39-4275-8A5C-01644DBBC398}.Debug|Mixed Platforms.ActiveCfg = Debug|Win32
		{95C018B0-2D39-4275-8A5C-01644DBBC398}.Debug|Mixed Platforms.Build.0 = Debug|Win32
		{95C018B0-2D39-4275-8A5C-01644DBBC398}.Debug|Win32.ActiveCfg = Debug|Win32
		{95C018B0-2D39-4275-8A5C-01644DBBC398}.Debug|Win32.Build.0 = Debug|Win32
		{95C018B0-2D39-4275-8A5C-01644DBBC398}.Debug|x64.ActiveCfg = Debug|Win32
		{95C018B0-2D39-4275-8A5C-01644DBBC398}.Release|Any CPU.ActiveCfg = Release|Win32
		{95C018B0-2D39-4275-8A5C-01644DBBC398}.Release|ARM.ActiveCfg = Release|Win32
		{95C018B0-2D39-4275-8A5C-01644DBBC398}.Release|Mixed Platforms.ActiveCfg = Release|Win32
		{95C018B0-2D39-4275-8A5C-01644DBBC398}.Release|Mixed Platforms.Build.0 = Release|Win32
		{95C018B0-2D39-4275-8A5C-01644DBBC398}.Release|Win32.ActiveCfg = Release|Win32
		{95C018B0-2D39-4275-8A5C-01644DBBC398}.Release|Win32.Build.0 = Release|Win32
		{95C018B0-2D39-4275-8A5C-01644DBBC398}.Release|x64.ActiveCfg = Release|Win32
		{CFD15856-9DD3-48E6-9D7B-1891B355D3DB}.Debug|Any CPU.ActiveCfg = Debug|Win32
		{CFD15856-9DD3-48E6-9D7B-1891B355D3DB}.Debug|ARM.ActiveCfg = Debug|Win32
		{CFD15856-9DD3-48E6-9D7B-1891B355D3DB}.Debug|Mixed Platforms.ActiveCfg = Debug|Win32
		{CFD15856-9DD3-48E6-9D7B-1891B355D3DB}.Debug|Mixed Platforms.Build.0 = Debug|Win32
		{CFD15856-9DD3-48E6-9D7B-1891B355D3DB}.Debug|Win32.ActiveCfg = Debug|Win32
		{CFD15856-9DD3-48E6-9D7B-1891B355D3DB}.Debug|Win32.Build.0 = Debug|Win32
		{CFD15856-9DD3-48E6-9D7B-1891B355D3DB}.Debug|x64.ActiveCfg = Debug|Win32
		{CFD15856-9DD3-48E6-9D7B-1891B355D3DB}.Release|Any CPU.ActiveCfg = Release|Win32
		{CFD15856-9DD3-48E6-9D7B-1891B355D3DB}.Release|ARM.ActiveCfg = Release|Win32
		{CFD15856-9DD3-48E6-9D7B-1891B355D3DB}.Release|Mixed Platforms.ActiveCfg = Release|Win32
		{CFD15856-9DD3-48E6-9D7B-1891B355D3DB}.Release|Mixed Platforms.Build.0 = Release|Win32
		{CFD15856-9DD3-48E6-9D7B-1891B355D3DB}.Release|Win32.ActiveCfg = Release|Win32
		{CFD15856-9DD3-48E6-9D7B-1891B355D3DB}.Release|Win32.Build.0 = Release|Win32
		{CFD15856-9DD3-48E6-9D7B-1891B355D3DB}.Release|x64.ActiveCfg = Release|Win32
		{54730AD7-5B11-493B-ADCC-8E4EC3C0204A}.Debug|Any CPU.ActiveCfg = Debug|Win32
		{54730AD7-5B11-493B-ADCC-8E4EC3C0204A}.Debug|ARM.ActiveCfg = Debug|Win32
		{54730AD7-5B11-493B-ADCC-8E4EC3C0204A}.Debug|Mixed Platforms.ActiveCfg = Debug|Win32
		{54730AD7-5B11-493B-ADCC-8E4EC3C0204A}.Debug|Mixed Platforms.Build.0 = Debug|Win32
		{54730AD7-5B11-493B-ADCC-8E4EC3C0204A}.Debug|Win32.ActiveCfg = Debug|Win32
		{54730AD7-5B11-493B-ADCC-8E4EC3C0204A}.Debug|Win32.Build.0 = Debug|Win32
		{54730AD7-5B11-493B-ADCC-8E4EC3C0204A}.Debug|x64.ActiveCfg = Debug|Win32
		{54730AD7-5B11-493B-ADCC-8E4EC3C0204A}.Release|Any CPU.ActiveCfg = Release|Win32
		{54730AD7-5B11-493B-ADCC-8E4EC3C0204A}.Release|ARM.ActiveCfg = Release|Win32
		{54730AD7-5B11-493B-ADCC-8E4EC3C0204A}.Release|Mixed Platforms.ActiveCfg = Release|Win32
		{54730AD7-5B11-493B-ADCC-8E4EC3C0204A}.Release|Mixed Platforms.Build.0 = Release|Win32
		{54730AD7-5B11-493B-ADCC-8E4EC3C0204A}.Release|Win32.ActiveCfg = Release|Win32
		{54730AD7-5B11-493B-ADCC-8E4EC3C0204A}.Release|Win32.Build.0 = Release|Win32
		{54730AD7-5B11-493B-ADCC-8E4EC3C0204A}.Release|x64.ActiveCfg = Release|Win32
		{6AE0EA97-EB5A-40E1-92D8-54532E208BE1}.Debug|Any CPU.ActiveCfg = Debug|Win32
		{6AE0EA97-EB5A-40E1-92D8-54532E208BE1}.Debug|ARM.ActiveCfg = Debug|Win32
		{6AE0EA97-EB5A-40E1-92D8-54532E208BE1}.Debug|Mixed Platforms.ActiveCfg = Debug|Win32
		{6AE0EA97-EB5A-40E1-92D8-54532E208BE1}.Debug|Mixed Platforms.Build.0 = Debug|Win32
		{6AE0EA97-EB5A-40E1-92D8-54532E208BE1}.Debug|Win32.ActiveCfg = Debug|Win32
		{6AE0EA97-EB5A-40E1-92D8-54532E208BE1}.Debug|Win32.Build.0 = Debug|Win32
		{6AE0EA97-EB5A-40E1-92D8-54532E208BE1}.Debug|x64.ActiveCfg = Debug|Win32
		{6AE0EA97-EB5A-40E1-92D8-54532E208BE1}.Release|Any CPU.ActiveCfg = Release|Win32
		{6AE0EA97-EB5A-40E1-92D8-54532E208BE1}.Release|ARM.ActiveCfg = Release|Win32
		{6AE0EA97-EB5A-40E1-92D8-54532E208BE1}.Release|Mixed Platforms.ActiveCfg = Release|Win32
		{6AE0EA97-EB5A-40E1-92D8-54532E208BE1}.Release|Mixed Platforms.Build.0 = Release|Win32
		{6AE0EA97-EB5A-40E1-92D8-54532E208BE1}.Release|Win32.ActiveCfg = Release|Win32
		{6AE0EA97-EB5A-40E1-92D8-54532E208BE1}.Release|Win32.Build.0 = Release|Win32
		{6AE0EA97-EB5A-40E1-92D8-54532E208BE1}.Release|x64.ActiveCfg = Release|Win32
		{70040801-D3AA-479A-B0C2-57E09A8FCBF5}.Debug|Any CPU.ActiveCfg = Debug|Win32
		{70040801-D3AA-479A-B0C2-57E09A8FCBF5}.Debug|ARM.ActiveCfg = Debug|Win32
		{70040801-D3AA-479A-B0C2-57E09A8FCBF5}.Debug|Mixed Platforms.ActiveCfg = Debug|Win32
		{70040801-D3AA-479A-B0C2-57E09A8FCBF5}.Debug|Mixed Platforms.Build.0 = Debug|Win32
		{70040801-D3AA-479A-B0C2-57E09A8FCBF5}.Debug|Win32.ActiveCfg = Debug|Win32
		{70040801-D3AA-479A-B0C2-57E09A8FCBF5}.Debug|Win32.Build.0 = Debug|Win32
		{70040801-D3AA-479A-B0C2-57E09A8FCBF5}.Debug|x64.ActiveCfg = Debug|Win32
		{70040801-D3AA-479A-B0C2-57E09A8FCBF5}.Release|Any CPU.ActiveCfg = Release|Win32
		{70040801-D3AA-479A-B0C2-57E09A8FCBF5}.Release|ARM.ActiveCfg = Release|Win32
		{70040801-D3AA-479A-B0C2-57E09A8FCBF5}.Release|Mixed Platforms.ActiveCfg = Release|Win32
		{70040801-D3AA-479A-B0C2-57E09A8FCBF5}.Release|Mixed Platforms.Build.0 = Release|Win32
		{70040801-D3AA-479A-B0C2-57E09A8FCBF5}.Release|Win32.ActiveCfg = Release|Win32
		{70040801-D3AA-479A-B0C2-57E09A8FCBF5}.Release|Win32.Build.0 = Release|Win32
		{70040801-D3AA-479A-B0C2-57E09A8FCBF5}.Release|x64.ActiveCfg = Release|Win32
		{19D199A8-1BF1-49E4-97F6-B4CB51F6F58B}.Debug|Any CPU.ActiveCfg = Debug|Win32
		{19D199A8-1BF1-49E4-97F6-B4CB51F6F58B}.Debug|ARM.ActiveCfg = Debug|Win32
		{19D199A8-1BF1-49E4-97F6-B4CB51F6F58B}.Debug|Mixed Platforms.ActiveCfg = Debug|Win32
		{19D199A8-1BF1-49E4-97F6-B4CB51F6F58B}.Debug|Mixed Platforms.Build.0 = Debug|Win32
		{19D199A8-1BF1-49E4-97F6-B4CB51F6F58B}.Debug|Win32.ActiveCfg = Debug|Win32
		{19D199A8-1BF1-49E4-97F6-B4CB51F6F58B}.Debug|Win32.Build.0 = Debug|Win32
		{19D199A8-1BF1-49E4-97F6-B4CB51F6F58B}.Debug|x64.ActiveCfg = Debug|Win32
		{19D199A8-1BF1-49E4-97F6-B4CB51F6F58B}.Release|Any CPU.ActiveCfg = Release|Win32
		{19D199A8-1BF1-49E4-97F6-B4CB51F6F58B}.Release|ARM.ActiveCfg = Release|Win32
		{19D199A8-1BF1-49E4-97F6-B4CB51F6F58B}.Release|Mixed Platforms.ActiveCfg = Release|Win32
		{19D199A8-1BF1-49E4-97F6-B4CB51F6F58B}.Release|Mixed Platforms.Build.0 = Release|Win32
		{19D199A8-1BF1-49E4-97F6-B4CB51F6F58B}.Release|Win32.ActiveCfg = Release|Win32
		{19D199A8-1BF1-49E4-97F6-B4CB51F6F58B}.Release|Win32.Build.0 = Release|Win32
		{19D199A8-1BF1-49E4-97F6-B4CB51F6F58B}.Release|x64.ActiveCfg = Release|Win32
		{3C8E337B-2C75-4840-97E1-63CDD167676F}.Debug|Any CPU.ActiveCfg = Debug|Win32
		{3C8E337B-2C75-4840-97E1-63CDD167676F}.Debug|ARM.ActiveCfg = Debug|Win32
		{3C8E337B-2C75-4840-97E1-63CDD167676F}.Debug|Mixed Platforms.ActiveCfg = Debug|Win32
		{3C8E337B-2C75-4840-97E1-63CDD167676F}.Debug|Mixed Platforms.Build.0 = Debug|Win32
		{3C8E337B-2C75-4840-97E1-63CDD167676F}.Debug|Win32.ActiveCfg = Debug|Win32
		{3C8E337B-2C75-4840-97E1-63CDD167676F}.Debug|Win32.Build.0 = Debug|Win32
		{3C8E337B-2C75-4840-97E1-63CDD167676F}.Debug|x64.ActiveCfg = Debug|Win32
		{3C8E337B-2C75-4840-97E1-63CDD167676F}.Release|Any CPU.ActiveCfg = Release|Win32
		{3C8E337B-2C75-4840-97E1-63CDD167676F}.Release|ARM.ActiveCfg = Release|Win32
		{3C8E337B-2C75-4840-97E1-63CDD167676F}.Release|Mixed Platforms.ActiveCfg = Release|Win32
		{3C8E337B-2C75-4840-97E1-63CDD167676F}.Release|Mixed Platforms.Build.0 = Release|Win32
		{3C8E337B-2C75-4840-97E1-63CDD167676F}.Release|Win32.ActiveCfg = Release|Win32
		{3C8E337B-2C75-4840-97E1-63CDD167676F}.Release|Win32.Build.0 = Release|Win32
		{3C8E337B-2C75-4840-97E1-63CDD167676F}.Release|x64.ActiveCfg = Release|Win32
		{3FA83482-3536-4837-8782-21B599DC0EBE}.Debug|Any CPU.ActiveCfg = Debug|Win32
		{3FA83482-3536-4837-8782-21B599DC0EBE}.Debug|ARM.ActiveCfg = Debug|Win32
		{3FA83482-3536-4837-8782-21B599DC0EBE}.Debug|Mixed Platforms.ActiveCfg = Debug|Win32
		{3FA83482-3536-4837-8782-21B599DC0EBE}.Debug|Mixed Platforms.Build.0 = Debug|Win32
		{3FA83482-3536-4837-8782-21B599DC0EBE}.Debug|Win32.ActiveCfg = Debug|Win32
		{3FA83482-3536-4837-8782-21B599DC0EBE}.Debug|Win32.Build.0 = Debug|Win32
		{3FA83482-3536-4837-8782-21B599DC0EBE}.Debug|x64.ActiveCfg = Debug|Win32
		{3FA83482-3536-4837-8782-21B599DC0EBE}.Release|Any CPU.ActiveCfg = Release|Win32
		{3FA83482-3536-4837-8782-21B599DC0EBE}.Release|ARM.ActiveCfg = Release|Win32
		{3FA83482-3536-4837-8782-21B599DC0EBE}.Release|Mixed Platforms.ActiveCfg = Release|Win32
		{3FA83482-3536-4837-8782-21B599DC0EBE}.Release|Mixed Platforms.Build.0 = Release|Win32
		{3FA83482-3536-4837-8782-21B599DC0EBE}.Release|Win32.ActiveCfg = Release|Win32
		{3FA83482-3536-4837-8782-21B599DC0EBE}.Release|Win32.Build.0 = Release|Win32
		{3FA83482-3536-4837-8782-21B599DC0EBE}.Release|x64.ActiveCfg = Release|Win32
		{EFE86605-414B-4B41-B4C8-0DFBE2D8739E}.Debug|Any CPU.ActiveCfg = Debug|Win32
		{EFE86605-414B-4B41-B4C8-0DFBE2D8739E}.Debug|ARM.ActiveCfg = Debug|Win32
		{EFE86605-414B-4B41-B4C8-0DFBE2D8739E}.Debug|Mixed Platforms.ActiveCfg = Debug|Win32
		{EFE86605-414B-4B41-B4C8-0DFBE2D8739E}.Debug|Mixed Platforms.Build.0 = Debug|Win32
		{EFE86605-414B-4B41-B4C8-0DFBE2D8739E}.Debug|Win32.ActiveCfg = Debug|Win32
		{EFE86605-414B-4B41-B4C8-0DFBE2D8739E}.Debug|Win32.Build.0 = Debug|Win32
		{EFE86605-414B-4B41-B4C8-0DFBE2D8739E}.Debug|x64.ActiveCfg = Debug|Win32
		{EFE86605-414B-4B41-B4C8-0DFBE2D8739E}.Release|Any CPU.ActiveCfg = Release|Win32
		{EFE86605-414B-4B41-B4C8-0DFBE2D8739E}.Release|ARM.ActiveCfg = Release|Win32
		{EFE86605-414B-4B41-B4C8-0DFBE2D8739E}.Release|Mixed Platforms.ActiveCfg = Release|Win32
		{EFE86605-414B-4B41-B4C8-0DFBE2D8739E}.Release|Mixed Platforms.Build.0 = Release|Win32
		{EFE86605-414B-4B41-B4C8-0DFBE2D8739E}.Release|Win32.ActiveCfg = Release|Win32
		{EFE86605-414B-4B41-B4C8-0DFBE2D8739E}.Release|Win32.Build.0 = Release|Win32
		{EFE86605-414B-4B41-B4C8-0DFBE2D8739E}.Release|x64.ActiveCfg = Release|Win32
		{75807E04-0ED6-4786-8C19-2EC12D4208A6}.Debug|Any CPU.ActiveCfg = Debug|Win32
		{75807E04-0ED6-4786-8C19-2EC12D4208A6}.Debug|ARM.ActiveCfg = Debug|Win32
		{75807E04-0ED6-4786-8C19-2EC12D4208A6}.Debug|Mixed Platforms.ActiveCfg = Debug|Win32
		{75807E04-0ED6-4786-8C19-2EC12D4208A6}.Debug|Mixed Platforms.Build.0 = Debug|Win32
		{75807E04-0ED6-4786-8C19-2EC12D4208A6}.Debug|Win32.ActiveCfg = Debug|Win32
		{75807E04-0ED6-4786-8C19-2EC12D4208A6}.Debug|Win32.Build.0 = Debug|Win32
		{75807E04-0ED6-4786-8C19-2EC12D4208A6}.Debug|x64.ActiveCfg = Debug|Win32
		{75807E04-0ED6-4786-8C19-2EC12D4208A6}.Release|Any CPU.ActiveCfg = Release|Win32
		{75807E04-0ED6-4786-8C19-2EC12D4208A6}.Release|ARM.ActiveCfg = Release|Win32
		{75807E04-0ED6-4786-8C19-2EC12D4208A6}.Release|Mixed Platforms.ActiveCfg = Release|Win32
		{75807E04-0ED6-4786-8C19-2EC12D4208A6}.Release|Mixed Platforms.Build.0 = Release|Win32
		{75807E04-0ED6-4786-8C19-2EC12D4208A6}.Release|Win32.ActiveCfg = Release|Win32
		{75807E04-0ED6-4786-8C19-2EC12D4208A6}.Release|Win32.Build.0 = Release|Win32
		{75807E04-0ED6-4786-8C19-2EC12D4208A6}.Release|x64.ActiveCfg = Release|Win32
		{1807A82F-9D7D-4138-B439-E608ABA18A0A}.Debug|Any CPU.ActiveCfg = Debug|Win32
		{1807A82F-9D7D-4138-B439-E608ABA18A0A}.Debug|ARM.ActiveCfg = Debug|Win32
		{1807A82F-9D7D-4138-B439-E608ABA18A0A}.Debug|Mixed Platforms.ActiveCfg = Debug|Win32
		{1807A82F-9D7D-4138-B439-E608ABA18A0A}.Debug|Mixed Platforms.Build.0 = Debug|Win32
		{1807A82F-9D7D-4138-B439-E608ABA18A0A}.Debug|Win32.ActiveCfg = Debug|Win32
		{1807A82F-9D7D-4138-B439-E608ABA18A0A}.Debug|Win32.Build.0 = Debug|Win32
		{1807A82F-9D7D-4138-B439-E608ABA18A0A}.Debug|x64.ActiveCfg = Debug|Win32
		{1807A82F-9D7D-4138-B439-E608ABA18A0A}.Release|Any CPU.ActiveCfg = Release|Win32
		{1807A82F-9D7D-4138-B439-E608ABA18A0A}.Release|ARM.ActiveCfg = Release|Win32
		{1807A82F-9D7D-4138-B439-E608ABA18A0A}.Release|Mixed Platforms.ActiveCfg = Release|Win32
		{1807A82F-9D7D-4138-B439-E608ABA18A0A}.Release|Mixed Platforms.Build.0 = Release|Win32
		{1807A82F-9D7D-4138-B439-E608ABA18A0A}.Release|Win32.ActiveCfg = Release|Win32
		{1807A82F-9D7D-4138-B439-E608ABA18A0A}.Release|Win32.Build.0 = Release|Win32
		{1807A82F-9D7D-4138-B439-E608ABA18A0A}.Release|x64.ActiveCfg = Release|Win32
		{4016450E-1EFE-4AED-89FD-BDE76538D7E3}.Debug|Any CPU.ActiveCfg = Debug|Win32
		{4016450E-1EFE-4AED-89FD-BDE76538D7E3}.Debug|ARM.ActiveCfg = Debug|Win32
		{4016450E-1EFE-4AED-89FD-BDE76538D7E3}.Debug|Mixed Platforms.ActiveCfg = Debug|Win32
		{4016450E-1EFE-4AED-89FD-BDE76538D7E3}.Debug|Mixed Platforms.Build.0 = Debug|Win32
		{4016450E-1EFE-4AED-89FD-BDE76538D7E3}.Debug|Win32.ActiveCfg = Debug|Win32
		{4016450E-1EFE-4AED-89FD-BDE76538D7E3}.Debug|Win32.Build.0 = Debug|Win32
		{4016450E-1EFE-4AED-89FD-BDE76538D7E3}.Debug|x64.ActiveCfg = Debug|Win32
		{4016450E-1EFE-4AED-89FD-BDE76538D7E3}.Release|Any CPU.ActiveCfg = Release|Win32
		{4016450E-1EFE-4AED-89FD-BDE76538D7E3}.Release|ARM.ActiveCfg = Release|Win32
		{4016450E-1EFE-4AED-89FD-BDE76538D7E3}.Release|Mixed Platforms.ActiveCfg = Release|Win32
		{4016450E-1EFE-4AED-89FD-BDE76538D7E3}.Release|Mixed Platforms.Build.0 = Release|Win32
		{4016450E-1EFE-4AED-89FD-BDE76538D7E3}.Release|Win32.ActiveCfg = Release|Win32
		{4016450E-1EFE-4AED-89FD-BDE76538D7E3}.Release|Win32.Build.0 = Release|Win32
		{4016450E-1EFE-4AED-89FD-BDE76538D7E3}.Release|x64.ActiveCfg = Release|Win32
		{E1E41698-035E-4AAE-90B9-55196C56BF09}.Debug|Any CPU.ActiveCfg = Debug|Win32
		{E1E41698-035E-4AAE-90B9-55196C56BF09}.Debug|ARM.ActiveCfg = Debug|Win32
		{E1E41698-035E-4AAE-90B9-55196C56BF09}.Debug|Mixed Platforms.ActiveCfg = Debug|Win32
		{E1E41698-035E-4AAE-90B9-55196C56BF09}.Debug|Mixed Platforms.Build.0 = Debug|Win32
		{E1E41698-035E-4AAE-90B9-55196C56BF09}.Debug|Win32.ActiveCfg = Debug|Win32
		{E1E41698-035E-4AAE-90B9-55196C56BF09}.Debug|Win32.Build.0 = Debug|Win32
		{E1E41698-035E-4AAE-90B9-55196C56BF09}.Debug|x64.ActiveCfg = Debug|Win32
		{E1E41698-035E-4AAE-90B9-55196C56BF09}.Release|Any CPU.ActiveCfg = Release|Win32
		{E1E41698-035E-4AAE-90B9-55196C56BF09}.Release|ARM.ActiveCfg = Release|Win32
		{E1E41698-035E-4AAE-90B9-55196C56BF09}.Release|Mixed Platforms.ActiveCfg = Release|Win32
		{E1E41698-035E-4AAE-90B9-55196C56BF09}.Release|Mixed Platforms.Build.0 = Release|Win32
		{E1E41698-035E-4AAE-90B9-55196C56BF09}.Release|Win32.ActiveCfg = Release|Win32
		{E1E41698-035E-4AAE-90B9-55196C56BF09}.Release|Win32.Build.0 = Release|Win32
		{E1E41698-035E-4AAE-90B9-55196C56BF09}.Release|x64.ActiveCfg = Release|Win32
		{15D5402F-92D6-427D-86EA-C16435DC8846}.Debug|Any CPU.ActiveCfg = Debug|Win32
		{15D5402F-92D6-427D-86EA-C16435DC8846}.Debug|ARM.ActiveCfg = Debug|Win32
		{15D5402F-92D6-427D-86EA-C16435DC8846}.Debug|Mixed Platforms.ActiveCfg = Debug|Win32
		{15D5402F-92D6-427D-86EA-C16435DC8846}.Debug|Mixed Platforms.Build.0 = Debug|Win32
		{15D5402F-92D6-427D-86EA-C16435DC8846}.Debug|Win32.ActiveCfg = Debug|Win32
		{15D5402F-92D6-427D-86EA-C16435DC8846}.Debug|Win32.Build.0 = Debug|Win32
		{15D5402F-92D6-427D-86EA-C16435DC8846}.Debug|x64.ActiveCfg = Debug|Win32
		{15D5402F-92D6-427D-86EA-C16435DC8846}.Release|Any CPU.ActiveCfg = Release|Win32
		{15D5402F-92D6-427D-86EA-C16435DC8846}.Release|ARM.ActiveCfg = Release|Win32
		{15D5402F-92D6-427D-86EA-C16435DC8846}.Release|Mixed Platforms.ActiveCfg = Release|Win32
		{15D5402F-92D6-427D-86EA-C16435DC8846}.Release|Mixed Platforms.Build.0 = Release|Win32
		{15D5402F-92D6-427D-86EA-C16435DC8846}.Release|Win32.ActiveCfg = Release|Win32
		{15D5402F-92D6-427D-86EA-C16435DC8846}.Release|Win32.Build.0 = Release|Win32
		{15D5402F-92D6-427D-86EA-C16435DC8846}.Release|x64.ActiveCfg = Release|Win32
		{F46A8499-6EE5-406C-8F13-DDFE1D477EAB}.Debug|Any CPU.ActiveCfg = Debug|Win32
		{F46A8499-6EE5-406C-8F13-DDFE1D477EAB}.Debug|ARM.ActiveCfg = Debug|Win32
		{F46A8499-6EE5-406C-8F13-DDFE1D477EAB}.Debug|Mixed Platforms.ActiveCfg = Debug|Win32
		{F46A8499-6EE5-406C-8F13-DDFE1D477EAB}.Debug|Mixed Platforms.Build.0 = Debug|Win32
		{F46A8499-6EE5-406C-8F13-DDFE1D477EAB}.Debug|Win32.ActiveCfg = Debug|Win32
		{F46A8499-6EE5-406C-8F13-DDFE1D477EAB}.Debug|Win32.Build.0 = Debug|Win32
		{F46A8499-6EE5-406C-8F13-DDFE1D477EAB}.Debug|x64.ActiveCfg = Debug|Win32
		{F46A8499-6EE5-406C-8F13-DDFE1D477EAB}.Release|Any CPU.ActiveCfg = Release|Win32
		{F46A8499-6EE5-406C-8F13-DDFE1D477EAB}.Release|ARM.ActiveCfg = Release|Win32
		{F46A8499-6EE5-406C-8F13-DDFE1D477EAB}.Release|Mixed Platforms.ActiveCfg = Release|Win32
		{F46A8499-6EE5-406C-8F13-DDFE1D477EAB}.Release|Mixed Platforms.Build.0 = Release|Win32
		{F46A8499-6EE5-406C-8F13-DDFE1D477EAB}.Release|Win32.ActiveCfg = Release|Win32
		{F46A8499-6EE5-406C-8F13-DDFE1D477EAB}.Release|Win32.Build.0 = Release|Win32
		{F46A8499-6EE5-406C-8F13-DDFE1D477EAB}.Release|x64.ActiveCfg = Release|Win32
		{C85ABFEB-B3AA-4C6F-BFE3-582E9A1C1DE2}.Debug|Any CPU.ActiveCfg = Debug|Win32
		{C85ABFEB-B3AA-4C6F-BFE3-582E9A1C1DE2}.Debug|ARM.ActiveCfg = Debug|Win32
		{C85ABFEB-B3AA-4C6F-BFE3-582E9A1C1DE2}.Debug|Mixed Platforms.ActiveCfg = Debug|Win32
		{C85ABFEB-B3AA-4C6F-BFE3-582E9A1C1DE2}.Debug|Mixed Platforms.Build.0 = Debug|Win32
		{C85ABFEB-B3AA-4C6F-BFE3-582E9A1C1DE2}.Debug|Win32.ActiveCfg = Debug|Win32
		{C85ABFEB-B3AA-4C6F-BFE3-582E9A1C1DE2}.Debug|Win32.Build.0 = Debug|Win32
		{C85ABFEB-B3AA-4C6F-BFE3-582E9A1C1DE2}.Debug|x64.ActiveCfg = Debug|Win32
		{C85ABFEB-B3AA-4C6F-BFE3-582E9A1C1DE2}.Release|Any CPU.ActiveCfg = Release|Win32
		{C85ABFEB-B3AA-4C6F-BFE3-582E9A1C1DE2}.Release|ARM.ActiveCfg = Release|Win32
		{C85ABFEB-B3AA-4C6F-BFE3-582E9A1C1DE2}.Release|Mixed Platforms.ActiveCfg = Release|Win32
		{C85ABFEB-B3AA-4C6F-BFE3-582E9A1C1DE2}.Release|Mixed Platforms.Build.0 = Release|Win32
		{C85ABFEB-B3AA-4C6F-BFE3-582E9A1C1DE2}.Release|Win32.ActiveCfg = Release|Win32
		{C85ABFEB-B3AA-4C6F-BFE3-582E9A1C1DE2}.Release|Win32.Build.0 = Release|Win32
		{C85ABFEB-B3AA-4C6F-BFE3-582E9A1C1DE2}.Release|x64.ActiveCfg = Release|Win32
	EndGlobalSection
	GlobalSection(SolutionProperties) = preSolution
		HideSolutionNode = FALSE
	EndGlobalSection
	GlobalSection(NestedProjects) = preSolution
		{3FA83482-3536-4837-8782-21B599DC0EBE} = {E990A998-3922-4FCE-979A-32D47F567D60}
		{EFE86605-414B-4B41-B4C8-0DFBE2D8739E} = {E990A998-3922-4FCE-979A-32D47F567D60}
		{75807E04-0ED6-4786-8C19-2EC12D4208A6} = {E990A998-3922-4FCE-979A-32D47F567D60}
		{1807A82F-9D7D-4138-B439-E608ABA18A0A} = {E990A998-3922-4FCE-979A-32D47F567D60}
		{4016450E-1EFE-4AED-89FD-BDE76538D7E3} = {E990A998-3922-4FCE-979A-32D47F567D60}
		{E1E41698-035E-4AAE-90B9-55196C56BF09} = {E990A998-3922-4FCE-979A-32D47F567D60}
		{15D5402F-92D6-427D-86EA-C16435DC8846} = {E990A998-3922-4FCE-979A-32D47F567D60}
		{F46A8499-6EE5-406C-8F13-DDFE1D477EAB} = {E990A998-3922-4FCE-979A-32D47F567D60}
		{C85ABFEB-B3AA-4C6F-BFE3-582E9A1C1DE2} = {E990A998-3922-4FCE-979A-32D47F567D60}
	EndGlobalSection
EndGlobal
