<?xml version="1.0" encoding="utf-8"?>
<Project ToolsVersion="4.0" xmlns="http://schemas.microsoft.com/developer/msbuild/2003">
  <ItemGroup>
    <Filter Include="Source Files">
      <UniqueIdentifier>{4FC737F1-C7A5-4376-A066-2A32D752A2FF}</UniqueIdentifier>
      <Extensions>cpp;c;cc;cxx;def;odl;idl;hpj;bat;asm;asmx</Extensions>
    </Filter>
    <Filter Include="Header Files">
      <UniqueIdentifier>{93995380-89BD-4b04-88EB-625FBE52EBFB}</UniqueIdentifier>
      <Extensions>h;hpp;hxx;hm;inl;inc;xsd</Extensions>
    </Filter>
    <Filter Include="Resource Files">
      <UniqueIdentifier>{67DA6AB6-F800-4c08-8B7A-83BB121AAD01}</UniqueIdentifier>
      <Extensions>rc;ico;cur;bmp;dlg;rc2;rct;bin;rgs;gif;jpg;jpeg;jpe;resx;tiff;tif;png;wav;mfcribbon-ms</Extensions>
    </Filter>
  </ItemGroup>
  <ItemGroup>
    <ClInclude Include="inc\brick.h">
      <Filter>Header Files</Filter>
    </ClInclude>
    <ClInclude Include="inc\demux.h">
      <Filter>Header Files</Filter>
    </ClInclude>
    <ClInclude Include="inc\pinqueue.h">
      <Filter>Header Files</Filter>
    </ClInclude>
    <ClInclude Include="inc\brickutil.h">
      <Filter>Header Files</Filter>
    </ClInclude>
    <ClInclude Include="inc\dspcomm.h">
      <Filter>Header Files</Filter>
    </ClInclude>
    <ClInclude Include="inc\stdbrick.hpp">
      <Filter>Header Files</Filter>
    </ClInclude>
    <ClInclude Include="inc\stdfacade.h">
      <Filter>Header Files</Filter>
    </ClInclude>
    <ClInclude Include="inc\dc.hpp">
      <Filter>Header Files</Filter>
    </ClInclude>
    <ClInclude Include="inc\dspalg.hpp">
      <Filter>Header Files</Filter>
    </ClInclude>
    <ClInclude Include="inc\energy.hpp">
      <Filter>Header Files</Filter>
    </ClInclude>
    <ClInclude Include="inc\gdemux.hpp">
      <Filter>Header Files</Filter>
    </ClInclude>
    <ClInclude Include="inc\memsource.hpp">
      <Filter>Header Files</Filter>
    </ClInclude>
    <ClInclude Include="inc\rxstream.hpp">
      <Filter>Header Files</Filter>
    </ClInclude>
    <ClInclude Include="inc\sequence.h">
      <Filter>Header Files</Filter>
    </ClInclude>
    <ClInclude Include="inc\bb_debug.h">
      <Filter>Header Files</Filter>
    </ClInclude>
    <ClInclude Include="inc\sora_matrix.h">
      <Filter>Header Files</Filter>
    </ClInclude>
  </ItemGroup>
</Project>