<?xml version="1.0" encoding="utf-8"?>
<Project ToolsVersion="4.0" xmlns="http://schemas.microsoft.com/developer/msbuild/2003">
  <ItemGroup>
    <Filter Include="Source Files">
      <UniqueIdentifier>{4FC737F1-C7A5-4376-A066-2A32D752A2FF}</UniqueIdentifier>
      <Extensions>cpp;c;cc;cxx;def;odl;idl;hpj;bat;asm;asmx</Extensions>
    </Filter>
    <Filter Include="Header Files">
      <UniqueIdentifier>{93995380-89BD-4b04-88EB-625FBE52EBFB}</UniqueIdentifier>
      <Extensions>h;hpp;hxx;hm;inl;inc;xsd</Extensions>
    </Filter>
    <Filter Include="Resource Files">
      <UniqueIdentifier>{67DA6AB6-F800-4c08-8B7A-83BB121AAD01}</UniqueIdentifier>
      <Extensions>rc;ico;cur;bmp;dlg;rc2;rct;bin;rgs;gif;jpg;jpeg;jpe;resx;tiff;tif;png;wav</Extensions>
    </Filter>
    <Filter Include="KSora">
      <UniqueIdentifier>{27d6db02-fa24-4172-a531-2cc84559a08b}</UniqueIdentifier>
    </Filter>
    <Filter Include="USora">
      <UniqueIdentifier>{1b3560b0-b89b-4aac-88e3-2f4093951701}</UniqueIdentifier>
    </Filter>
  </ItemGroup>
  <ItemGroup>
    <None Include="src\dirs">
      <Filter>Source Files</Filter>
    </None>
    <None Include="src\KSora\sources">
      <Filter>KSora</Filter>
    </None>
    <None Include="src\USora\sources">
      <Filter>USora</Filter>
    </None>
    <None Include="dirs" />
    <None Include="readme.txt" />
  </ItemGroup>
  <ItemGroup>
    <ClInclude Include="src\__radio_man_internal.h">
      <Filter>Source Files</Filter>
    </ClInclude>
    <ClInclude Include="src\__reg_file.h">
      <Filter>Source Files</Filter>
    </ClInclude>
    <ClInclude Include="src\__rx_internal.h">
      <Filter>Source Files</Filter>
    </ClInclude>
    <ClInclude Include="src\__tx_res.h">
      <Filter>Source Files</Filter>
    </ClInclude>
    <ClInclude Include="inc\_core_thread.h">
      <Filter>Header Files</Filter>
    </ClInclude>
    <ClInclude Include="inc\_fsm.h">
      <Filter>Header Files</Filter>
    </ClInclude>
    <ClInclude Include="inc\_hw_op.h">
      <Filter>Header Files</Filter>
    </ClInclude>
    <ClInclude Include="inc\_packet_base.h">
      <Filter>Header Files</Filter>
    </ClInclude>
    <ClInclude Include="inc\_radio_manager.h">
      <Filter>Header Files</Filter>
    </ClInclude>
    <ClInclude Include="inc\_reg_conf.h">
      <Filter>Header Files</Filter>
    </ClInclude>
    <ClInclude Include="inc\_rx_manager.h">
      <Filter>Header Files</Filter>
    </ClInclude>
    <ClInclude Include="inc\_sora_clock.h">
      <Filter>Header Files</Filter>
    </ClInclude>
    <ClInclude Include="inc\_sora_regman.h">
      <Filter>Header Files</Filter>
    </ClInclude>
    <ClInclude Include="inc\_tx_manager2.h">
      <Filter>Header Files</Filter>
    </ClInclude>
    <ClInclude Include="inc\_UExtK.h">
      <Filter>Header Files</Filter>
    </ClInclude>
    <ClInclude Include="inc\_user_mode_ext.h">
      <Filter>Header Files</Filter>
    </ClInclude>
    <ClInclude Include="inc\_WARP_Control.h">
      <Filter>Header Files</Filter>
    </ClInclude>
    <ClInclude Include="inc\_WARP_Regs.h">
      <Filter>Header Files</Filter>
    </ClInclude>
    <ClInclude Include="inc\complex.h">
      <Filter>Header Files</Filter>
    </ClInclude>
    <ClInclude Include="inc\const.h">
      <Filter>Header Files</Filter>
    </ClInclude>
    <ClInclude Include="inc\func.h">
      <Filter>Header Files</Filter>
    </ClInclude>
    <ClInclude Include="inc\sora.h">
      <Filter>Header Files</Filter>
    </ClInclude>
    <ClInclude Include="inc\soradsp.h">
      <Filter>Header Files</Filter>
    </ClInclude>
    <ClInclude Include="inc\soratypes.h">
      <Filter>Header Files</Filter>
    </ClInclude>
    <ClInclude Include="inc\uwdm.h">
      <Filter>Header Files</Filter>
    </ClInclude>
    <ClInclude Include="inc\vector128.h">
      <Filter>Header Files</Filter>
    </ClInclude>
    <ClInclude Include="inc\_rx_stream.h">
      <Filter>Header Files</Filter>
    </ClInclude>
    <ClInclude Include="inc\soradsp_asm.h">
      <Filter>Header Files</Filter>
    </ClInclude>
    <ClInclude Include="inc\unroll.h">
      <Filter>Header Files</Filter>
    </ClInclude>
    <ClInclude Include="inc\_enlist.h">
      <Filter>Header Files</Filter>
    </ClInclude>
    <ClInclude Include="inc\_scheduler.h">
      <Filter>Header Files</Filter>
    </ClInclude>
    <ClInclude Include="inc\_signal_cache.h">
      <Filter>Header Files</Filter>
    </ClInclude>
    <ClInclude Include="inc\resource_collection.h">
      <Filter>Header Files</Filter>
    </ClInclude>
    <ClInclude Include="inc\send_packet_data.h">
      <Filter>Header Files</Filter>
    </ClInclude>
    <ClInclude Include="inc\thread_if.h">
      <Filter>Header Files</Filter>
    </ClInclude>
    <ClInclude Include="inc\typeof.h">
      <Filter>Header Files</Filter>
    </ClInclude>
    <ClInclude Include="inc\diagnostics.h">
      <Filter>Header Files</Filter>
    </ClInclude>
    <ClInclude Include="inc\tpltrick.h">
      <Filter>Header Files</Filter>
    </ClInclude>
    <ClInclude Include="inc\alinew.h">
      <Filter>Header Files</Filter>
    </ClInclude>
    <ClInclude Include="inc\variadic_macro.h">
      <Filter>Header Files</Filter>
    </ClInclude>
    <ClInclude Include="inc\complex_ext.h">
      <Filter>Header Files</Filter>
    </ClInclude>
    <ClInclude Include="inc\thread_func.h">
      <Filter>Header Files</Filter>
    </ClInclude>
    <ClInclude Include="inc\soratime.h">
      <Filter>Header Files</Filter>
    </ClInclude>
    <ClInclude Include="inc\CRC16.h">
      <Filter>Header Files</Filter>
    </ClInclude>
    <ClInclude Include="inc\CRC32.h">
      <Filter>Header Files</Filter>
    </ClInclude>
    <ClInclude Include="src\fiber_tracker.h">
      <Filter>Source Files</Filter>
    </ClInclude>
    <ClInclude Include="inc\fft.h">
      <Filter>Header Files</Filter>
    </ClInclude>
    <ClInclude Include="inc\fft_lut_bitreversal.h">
      <Filter>Header Files</Filter>
    </ClInclude>
    <ClInclude Include="inc\fft_lut_twiddle.h">
      <Filter>Header Files</Filter>
    </ClInclude>
    <ClInclude Include="inc\fft_r4dif.h">
      <Filter>Header Files</Filter>
    </ClInclude>
    <ClInclude Include="inc\ifft_r4dif.h">
      <Filter>Header Files</Filter>
    </ClInclude>
    <ClInclude Include="inc\CRC8.h">
      <Filter>Header Files</Filter>
    </ClInclude>
    <ClInclude Include="inc\intalglut.h">
      <Filter>Header Files</Filter>
    </ClInclude>
    <ClInclude Include="inc\intalg.h">
      <Filter>Header Files</Filter>
    </ClInclude>
    <ClInclude Include="inc\operator_repeater.h">
      <Filter>Header Files</Filter>
    </ClInclude>
  </ItemGroup>
  <ItemGroup>
    <ClCompile Include="src\_dump.c">
      <Filter>Source Files</Filter>
    </ClCompile>
    <ClCompile Include="src\_fsm.c">
      <Filter>Source Files</Filter>
    </ClCompile>
    <ClCompile Include="src\_hw_op.c">
      <Filter>Source Files</Filter>
    </ClCompile>
    <ClCompile Include="src\_packet_base.c">
      <Filter>Source Files</Filter>
    </ClCompile>
    <ClCompile Include="src\_radio_channel_op.c">
      <Filter>Source Files</Filter>
    </ClCompile>
    <ClCompile Include="src\_radio_manager.c">
      <Filter>Source Files</Filter>
    </ClCompile>
    <ClCompile Include="src\_radio_manager2.c">
      <Filter>Source Files</Filter>
    </ClCompile>
    <ClCompile Include="src\_reg_conf.c">
      <Filter>Source Files</Filter>
    </ClCompile>
    <ClCompile Include="src\_rx_manager.c">
      <Filter>Source Files</Filter>
    </ClCompile>
    <ClCompile Include="src\_sora_clock.c">
      <Filter>Source Files</Filter>
    </ClCompile>
    <ClCompile Include="src\_tx_manager2.c">
      <Filter>Source Files</Filter>
    </ClCompile>
    <ClCompile Include="src\_UExtK.c">
      <Filter>Source Files</Filter>
    </ClCompile>
    <ClCompile Include="src\_UExtK_Tx_Queue.c">
      <Filter>Source Files</Filter>
    </ClCompile>
    <ClCompile Include="src\_user_mode_ext.c">
      <Filter>Source Files</Filter>
    </ClCompile>
    <ClCompile Include="src\_WARP_control.c">
      <Filter>Source Files</Filter>
    </ClCompile>
    <ClCompile Include="src\queued_rw_lock.c">
      <Filter>Source Files</Filter>
    </ClCompile>
    <ClCompile Include="src\sora.c">
      <Filter>Source Files</Filter>
    </ClCompile>
    <ClCompile Include="src\vstream_man.c">
      <Filter>Source Files</Filter>
    </ClCompile>
    <ClCompile Include="src\_rx_stream.c">
      <Filter>Source Files</Filter>
    </ClCompile>
    <ClCompile Include="src\_scheduler_u.c">
      <Filter>Source Files</Filter>
    </ClCompile>
    <ClCompile Include="src\_share_lock_uimp.cpp">
      <Filter>Source Files</Filter>
    </ClCompile>
    <ClCompile Include="src\_share_mem_uimp.cpp">
      <Filter>Source Files</Filter>
    </ClCompile>
  </ItemGroup>
</Project>