<?xml version="1.0" encoding="utf-8"?>
<Project ToolsVersion="4.0" xmlns="http://schemas.microsoft.com/developer/msbuild/2003">
  <ItemGroup>
    <Filter Include="Source Files">
      <UniqueIdentifier>{4FC737F1-C7A5-4376-A066-2A32D752A2FF}</UniqueIdentifier>
      <Extensions>cpp;c;cc;cxx;def;odl;idl;hpj;bat;asm;asmx</Extensions>
    </Filter>
    <Filter Include="Header Files">
      <UniqueIdentifier>{93995380-89BD-4b04-88EB-625FBE52EBFB}</UniqueIdentifier>
      <Extensions>h;hpp;hxx;hm;inl;inc;xsd</Extensions>
    </Filter>
    <Filter Include="Resource Files">
      <UniqueIdentifier>{67DA6AB6-F800-4c08-8B7A-83BB121AAD01}</UniqueIdentifier>
      <Extensions>rc;ico;cur;bmp;dlg;rc2;rct;bin;rgs;gif;jpg;jpeg;jpe;resx;tiff;tif;png;wav;mfcribbon-ms</Extensions>
    </Filter>
    <Filter Include="ChannelShareDataAccessor">
      <UniqueIdentifier>{7e7e85d3-0076-41dc-b0d5-6b6e884243b1}</UniqueIdentifier>
    </Filter>
  </ItemGroup>
  <ItemGroup>
    <None Include="ReadMe.txt" />
    <None Include="res\file_view.ico">
      <Filter>Resource Files</Filter>
    </None>
    <None Include="res\file_view_hc.ico">
      <Filter>Resource Files</Filter>
    </None>
    <None Include="res\class_view.ico">
      <Filter>Resource Files</Filter>
    </None>
    <None Include="res\class_view_hc.ico">
      <Filter>Resource Files</Filter>
    </None>
    <None Include="res\fileview.bmp">
      <Filter>Resource Files</Filter>
    </None>
    <None Include="res\fileview_hc.bmp">
      <Filter>Resource Files</Filter>
    </None>
    <None Include="res\classview.bmp">
      <Filter>Resource Files</Filter>
    </None>
    <None Include="res\classview_hc.bmp">
      <Filter>Resource Files</Filter>
    </None>
    <None Include="res\explorer.bmp">
      <Filter>Resource Files</Filter>
    </None>
    <None Include="res\explorer_hc.bmp">
      <Filter>Resource Files</Filter>
    </None>
    <None Include="res\sort.bmp">
      <Filter>Resource Files</Filter>
    </None>
    <None Include="res\sort_hc.bmp">
      <Filter>Resource Files</Filter>
    </None>
    <None Include="res\menuimages.bmp">
      <Filter>Resource Files</Filter>
    </None>
    <None Include="res\menuimages_hc.bmp">
      <Filter>Resource Files</Filter>
    </None>
    <None Include="res\output_wnd.ico">
      <Filter>Resource Files</Filter>
    </None>
    <None Include="res\output_wnd_hc.ico">
      <Filter>Resource Files</Filter>
    </None>
    <None Include="res\properties_wnd.ico">
      <Filter>Resource Files</Filter>
    </None>
    <None Include="res\properties_wnd_hc.ico">
      <Filter>Resource Files</Filter>
    </None>
    <None Include="res\properties.bmp">
      <Filter>Resource Files</Filter>
    </None>
    <None Include="res\properties_hc.bmp">
      <Filter>Resource Files</Filter>
    </None>
    <None Include="UserImages.bmp">
      <Filter>Resource Files</Filter>
    </None>
    <None Include="res\DebugPlotViewer.rc2">
      <Filter>Resource Files</Filter>
    </None>
    <None Include="res\DebugPlotViewerDoc.ico">
      <Filter>Resource Files</Filter>
    </None>
    <None Include="res\Toolbar.bmp">
      <Filter>Resource Files</Filter>
    </None>
    <None Include="res\Toolbar256.bmp">
      <Filter>Resource Files</Filter>
    </None>
    <None Include="ClassDiagram1.cd" />
    <None Include="res\channel_bmp.bmp">
      <Filter>Resource Files</Filter>
    </None>
    <None Include="res\DbgPlot.ico">
      <Filter>Resource Files</Filter>
    </None>
    <None Include="res\icon1.ico">
      <Filter>Resource Files</Filter>
    </None>
    <None Include="res\autolayout.ico">
      <Filter>Resource Files</Filter>
    </None>
    <None Include="res\bitmap1.bmp">
      <Filter>Resource Files</Filter>
    </None>
    <None Include="res\bmp00001.bmp">
      <Filter>Resource Files</Filter>
    </None>
    <None Include="res\minus_button.bmp">
      <Filter>Resource Files</Filter>
    </None>
    <None Include="res\button_pause.bmp">
      <Filter>Resource Files</Filter>
    </None>
    <None Include="res\auto_replay.bmp">
      <Filter>Resource Files</Filter>
    </None>
    <None Include="res\button_auto_pause.bmp">
      <Filter>Resource Files</Filter>
    </None>
  </ItemGroup>
  <ItemGroup>
    <ClInclude Include="DebugPlotViewer.h">
      <Filter>Header Files</Filter>
    </ClInclude>
    <ClInclude Include="stdafx.h">
      <Filter>Header Files</Filter>
    </ClInclude>
    <ClInclude Include="targetver.h">
      <Filter>Header Files</Filter>
    </ClInclude>
    <ClInclude Include="MainFrm.h">
      <Filter>Header Files</Filter>
    </ClInclude>
    <ClInclude Include="DebugPlotViewerDoc.h">
      <Filter>Header Files</Filter>
    </ClInclude>
    <ClInclude Include="DebugPlotViewerView.h">
      <Filter>Header Files</Filter>
    </ClInclude>
    <ClInclude Include="Resource.h">
      <Filter>Header Files</Filter>
    </ClInclude>
    <ClInclude Include="ViewTree.h">
      <Filter>Header Files</Filter>
    </ClInclude>
    <ClInclude Include="OutputWnd.h">
      <Filter>Header Files</Filter>
    </ClInclude>
    <ClInclude Include="PropertiesWnd.h">
      <Filter>Header Files</Filter>
    </ClInclude>
    <ClInclude Include="ChannelExplorer.h">
      <Filter>Header Files</Filter>
    </ClInclude>
    <ClInclude Include="PlayControl.h">
      <Filter>Header Files</Filter>
    </ClInclude>
    <ClInclude Include="Logger.h">
      <Filter>Header Files</Filter>
    </ClInclude>
    <ClInclude Include="PlotWnd.h">
      <Filter>Header Files</Filter>
    </ClInclude>
    <ClInclude Include="AppContext.h">
      <Filter>Header Files</Filter>
    </ClInclude>
    <ClInclude Include="Debug.h">
      <Filter>Header Files</Filter>
    </ClInclude>
    <ClInclude Include="AppMessage.h">
      <Filter>Header Files</Filter>
    </ClInclude>
    <ClInclude Include="PlotWndArea.h">
      <Filter>Header Files</Filter>
    </ClInclude>
    <ClInclude Include="CustomProperties.h">
      <Filter>Header Files</Filter>
    </ClInclude>
    <ClInclude Include="AppType.h">
      <Filter>Header Files</Filter>
    </ClInclude>
    <ClInclude Include="SeriesObj.h">
      <Filter>Header Files</Filter>
    </ClInclude>
    <ClInclude Include="SubPlotWnd.h">
      <Filter>Header Files</Filter>
    </ClInclude>
    <ClInclude Include="SeriesPropertySheet.h">
      <Filter>Header Files</Filter>
    </ClInclude>
    <ClInclude Include="LineSeriesProperty.h">
      <Filter>Header Files</Filter>
    </ClInclude>
    <ClInclude Include="BaseProperty.h">
      <Filter>Header Files</Filter>
    </ClInclude>
    <ClInclude Include="LinePlotWndProperty.h">
      <Filter>Header Files</Filter>
    </ClInclude>
    <ClInclude Include="DotsSeriesProperty.h">
      <Filter>Header Files</Filter>
    </ClInclude>
    <ClInclude Include="TextSeriesProperty.h">
      <Filter>Header Files</Filter>
    </ClInclude>
    <ClInclude Include="DotsPlotWndProperty.h">
      <Filter>Header Files</Filter>
    </ClInclude>
    <ClInclude Include="TextPlotWndProperty.h">
      <Filter>Header Files</Filter>
    </ClInclude>
    <ClInclude Include="PlotWndAreaProperty.h">
      <Filter>Header Files</Filter>
    </ClInclude>
    <ClInclude Include="ControllerWnd.h">
      <Filter>Header Files</Filter>
    </ClInclude>
    <ClInclude Include="SharedObjManager.h">
      <Filter>Header Files</Filter>
    </ClInclude>
    <ClInclude Include="ControllerProperty.h">
      <Filter>Header Files</Filter>
    </ClInclude>
    <ClInclude Include="SpectrumPlotWndProperty.h">
      <Filter>Header Files</Filter>
    </ClInclude>
    <ClInclude Include="SpectrumSeriesProperty.h">
      <Filter>Header Files</Filter>
    </ClInclude>
    <ClInclude Include="AutoLayoutPanel.h">
      <Filter>Header Files</Filter>
    </ClInclude>
    <ClInclude Include="HelperFunc.h">
      <Filter>Header Files</Filter>
    </ClInclude>
    <ClInclude Include="CustomButton.h">
      <Filter>Header Files</Filter>
    </ClInclude>
    <ClInclude Include="LogSeriesProperty.h">
      <Filter>Header Files</Filter>
    </ClInclude>
    <ClInclude Include="SubTextPlotWnd.h">
      <Filter>Header Files</Filter>
    </ClInclude>
    <ClInclude Include="SubLogPlotWnd.h">
      <Filter>Header Files</Filter>
    </ClInclude>
    <ClInclude Include="LogPlotWndProperty.h">
      <Filter>Header Files</Filter>
    </ClInclude>
    <ClInclude Include="ChannelDataAccessor.h">
      <Filter>ChannelShareDataAccessor</Filter>
    </ClInclude>
    <ClInclude Include="SeriesLine.h">
      <Filter>Header Files</Filter>
    </ClInclude>
    <ClInclude Include="PlotWndPropLine.h">
      <Filter>Header Files</Filter>
    </ClInclude>
    <ClInclude Include="PlayControlWnd.h">
      <Filter>Header Files</Filter>
    </ClInclude>
    <ClInclude Include="PlayTrackBar.h">
      <Filter>Header Files</Filter>
    </ClInclude>
    <ClInclude Include="ReplayBufferTrackBar.h">
      <Filter>Header Files</Filter>
    </ClInclude>
    <ClInclude Include="SeriesText.h">
      <Filter>Header Files</Filter>
    </ClInclude>
    <ClInclude Include="PlotWndPropDots.h">
      <Filter>Header Files</Filter>
    </ClInclude>
    <ClInclude Include="SeriesDots.h">
      <Filter>Header Files</Filter>
    </ClInclude>
    <ClInclude Include="Invokable.h">
      <Filter>Header Files</Filter>
    </ClInclude>
    <ClInclude Include="SubBitmapPlotWnd.h">
      <Filter>Header Files</Filter>
    </ClInclude>
    <ClInclude Include="BitmapTypePlotWndProp.h">
      <Filter>Header Files</Filter>
    </ClInclude>
    <ClInclude Include="PlotWndPropSpectrum.h">
      <Filter>Header Files</Filter>
    </ClInclude>
    <ClInclude Include="BitmapPlotWnd.h">
      <Filter>Header Files</Filter>
    </ClInclude>
    <ClInclude Include="SeriesSpectrum.h">
      <Filter>Header Files</Filter>
    </ClInclude>
    <ClInclude Include="PlotWndPropLineType.h">
      <Filter>Header Files</Filter>
    </ClInclude>
    <ClInclude Include="SeriesLineType.h">
      <Filter>Header Files</Filter>
    </ClInclude>
    <ClInclude Include="TargetTestable.h">
      <Filter>Header Files</Filter>
    </ClInclude>
    <ClInclude Include="SeriesBitmapType.h">
      <Filter>Header Files</Filter>
    </ClInclude>
    <ClInclude Include="TextTypePlotWnd.h">
      <Filter>Header Files</Filter>
    </ClInclude>
    <ClInclude Include="SubTextTypePlotWnd.h">
      <Filter>Header Files</Filter>
    </ClInclude>
    <ClInclude Include="PlotWndProp.h">
      <Filter>Header Files</Filter>
    </ClInclude>
    <ClInclude Include="PlotWndPropTextType.h">
      <Filter>Header Files</Filter>
    </ClInclude>
    <ClInclude Include="PlotWndPropText.h">
      <Filter>Header Files</Filter>
    </ClInclude>
    <ClInclude Include="PlotWndPropLog.h">
      <Filter>Header Files</Filter>
    </ClInclude>
    <ClInclude Include="SeriesLog.h">
      <Filter>Header Files</Filter>
    </ClInclude>
    <ClInclude Include="SeriesTextType.h">
      <Filter>Header Files</Filter>
    </ClInclude>
  </ItemGroup>
  <ItemGroup>
    <ClCompile Include="DebugPlotViewer.cpp">
      <Filter>Source Files</Filter>
    </ClCompile>
    <ClCompile Include="stdafx.cpp">
      <Filter>Source Files</Filter>
    </ClCompile>
    <ClCompile Include="MainFrm.cpp">
      <Filter>Source Files</Filter>
    </ClCompile>
    <ClCompile Include="DebugPlotViewerDoc.cpp">
      <Filter>Source Files</Filter>
    </ClCompile>
    <ClCompile Include="ViewTree.cpp">
      <Filter>Source Files</Filter>
    </ClCompile>
    <ClCompile Include="PropertiesWnd.cpp">
      <Filter>Source Files</Filter>
    </ClCompile>
    <ClCompile Include="ChannelExplorer.cpp">
      <Filter>Source Files</Filter>
    </ClCompile>
    <ClCompile Include="PlayControl.cpp">
      <Filter>Source Files</Filter>
    </ClCompile>
    <ClCompile Include="Logger.cpp">
      <Filter>Source Files</Filter>
    </ClCompile>
    <ClCompile Include="PlotWnd.cpp">
      <Filter>Source Files</Filter>
    </ClCompile>
    <ClCompile Include="AppContext.cpp">
      <Filter>Source Files</Filter>
    </ClCompile>
    <ClCompile Include="PlotWndArea.cpp">
      <Filter>Source Files</Filter>
    </ClCompile>
    <ClCompile Include="CustomProperties.cpp">
      <Filter>Source Files</Filter>
    </ClCompile>
    <ClCompile Include="SeriesObj.cpp">
      <Filter>Source Files</Filter>
    </ClCompile>
    <ClCompile Include="SubPlotWnd.cpp">
      <Filter>Source Files</Filter>
    </ClCompile>
    <ClCompile Include="SeriesPropertySheet.cpp">
      <Filter>Source Files</Filter>
    </ClCompile>
    <ClCompile Include="LineSeriesProperty.cpp">
      <Filter>Source Files</Filter>
    </ClCompile>
    <ClCompile Include="BaseProperty.cpp">
      <Filter>Source Files</Filter>
    </ClCompile>
    <ClCompile Include="LinePlotWndProperty.cpp">
      <Filter>Source Files</Filter>
    </ClCompile>
    <ClCompile Include="DotsSeriesProperty.cpp">
      <Filter>Source Files</Filter>
    </ClCompile>
    <ClCompile Include="TextSeriesProperty.cpp">
      <Filter>Source Files</Filter>
    </ClCompile>
    <ClCompile Include="DotsPlotWndProperty.cpp">
      <Filter>Source Files</Filter>
    </ClCompile>
    <ClCompile Include="TextPlotWndProperty.cpp">
      <Filter>Source Files</Filter>
    </ClCompile>
    <ClCompile Include="PlotWndAreaProperty.cpp">
      <Filter>Source Files</Filter>
    </ClCompile>
    <ClCompile Include="ControllerWnd.cpp">
      <Filter>Source Files</Filter>
    </ClCompile>
    <ClCompile Include="SharedObjManager.cpp">
      <Filter>Source Files</Filter>
    </ClCompile>
    <ClCompile Include="OutputWnd.cpp">
      <Filter>Source Files</Filter>
    </ClCompile>
    <ClCompile Include="ControllerProperty.cpp">
      <Filter>Source Files</Filter>
    </ClCompile>
    <ClCompile Include="SpectrumPlotWndProperty.cpp">
      <Filter>Source Files</Filter>
    </ClCompile>
    <ClCompile Include="SpectrumSeriesProperty.cpp">
      <Filter>Source Files</Filter>
    </ClCompile>
    <ClCompile Include="DebugPlotViewerView.cpp">
      <Filter>Source Files</Filter>
    </ClCompile>
    <ClCompile Include="AutoLayoutPanel.cpp">
      <Filter>Source Files</Filter>
    </ClCompile>
    <ClCompile Include="HelpFunc.cpp">
      <Filter>Source Files</Filter>
    </ClCompile>
    <ClCompile Include="CustomButton.cpp">
      <Filter>Source Files</Filter>
    </ClCompile>
    <ClCompile Include="LogSeriesProperty.cpp">
      <Filter>Source Files</Filter>
    </ClCompile>
    <ClCompile Include="SubTextPlotWnd.cpp">
      <Filter>Source Files</Filter>
    </ClCompile>
    <ClCompile Include="SubLogPlotWnd.cpp">
      <Filter>Source Files</Filter>
    </ClCompile>
    <ClCompile Include="LogPlotWndProperty.cpp">
      <Filter>Source Files</Filter>
    </ClCompile>
    <ClCompile Include="SeriesLine.cpp">
      <Filter>Source Files</Filter>
    </ClCompile>
    <ClCompile Include="PlotWndPropLine.cpp">
      <Filter>Source Files</Filter>
    </ClCompile>
    <ClCompile Include="PlayControlWnd.cpp">
      <Filter>Source Files</Filter>
    </ClCompile>
    <ClCompile Include="PlayTrackBar.cpp">
      <Filter>Source Files</Filter>
    </ClCompile>
    <ClCompile Include="ReplayBufferTrackBar.cpp">
      <Filter>Source Files</Filter>
    </ClCompile>
    <ClCompile Include="SeriesText.cpp">
      <Filter>Source Files</Filter>
    </ClCompile>
    <ClCompile Include="PlotWndPropDots.cpp">
      <Filter>Source Files</Filter>
    </ClCompile>
    <ClCompile Include="SeriesDots.cpp">
      <Filter>Source Files</Filter>
    </ClCompile>
    <ClCompile Include="Invokable.cpp">
      <Filter>Source Files</Filter>
    </ClCompile>
    <ClCompile Include="BitmapTypePlotWndProp.cpp">
      <Filter>Source Files</Filter>
    </ClCompile>
    <ClCompile Include="PlotWndPropSpectrum.cpp">
      <Filter>Source Files</Filter>
    </ClCompile>
    <ClCompile Include="BitmapPlotWnd.cpp">
      <Filter>Source Files</Filter>
    </ClCompile>
    <ClCompile Include="SubBitmapPlotWnd.cpp">
      <Filter>Source Files</Filter>
    </ClCompile>
    <ClCompile Include="SeriesSpectrum.cpp">
      <Filter>Source Files</Filter>
    </ClCompile>
    <ClCompile Include="PlotWndPropLineType.cpp">
      <Filter>Source Files</Filter>
    </ClCompile>
    <ClCompile Include="PlotWndProp.cpp">
      <Filter>Source Files</Filter>
    </ClCompile>
    <ClCompile Include="HelperFunc.cpp">
      <Filter>Source Files</Filter>
    </ClCompile>
    <ClCompile Include="SeriesLineType.cpp">
      <Filter>Source Files</Filter>
    </ClCompile>
    <ClCompile Include="TextTypePlotWnd.cpp">
      <Filter>Source Files</Filter>
    </ClCompile>
    <ClCompile Include="SubTextTypePlotWnd.cpp">
      <Filter>Source Files</Filter>
    </ClCompile>
    <ClCompile Include="PlotWndPropTextType.cpp">
      <Filter>Source Files</Filter>
    </ClCompile>
    <ClCompile Include="PlotWndPropText.cpp">
      <Filter>Source Files</Filter>
    </ClCompile>
    <ClCompile Include="PlotWndPropLog.cpp">
      <Filter>Source Files</Filter>
    </ClCompile>
    <ClCompile Include="SeriesLog.cpp">
      <Filter>Source Files</Filter>
    </ClCompile>
  </ItemGroup>
  <ItemGroup>
    <ResourceCompile Include="DebugPlotViewer.rc">
      <Filter>Resource Files</Filter>
    </ResourceCompile>
  </ItemGroup>
</Project>