<?xml version="1.0" encoding="utf-8"?>
<Project ToolsVersion="4.0" xmlns="http://schemas.microsoft.com/developer/msbuild/2003">
  <ItemGroup>
    <Filter Include="Source Files">
      <UniqueIdentifier>{4FC737F1-C7A5-4376-A066-2A32D752A2FF}</UniqueIdentifier>
      <Extensions>cpp;c;cc;cxx;def;odl;idl;hpj;bat;asm;asmx</Extensions>
    </Filter>
    <Filter Include="Header Files">
      <UniqueIdentifier>{93995380-89BD-4b04-88EB-625FBE52EBFB}</UniqueIdentifier>
      <Extensions>h;hpp;hxx;hm;inl;inc;xsd</Extensions>
    </Filter>
    <Filter Include="Resource Files">
      <UniqueIdentifier>{67DA6AB6-F800-4c08-8B7A-83BB121AAD01}</UniqueIdentifier>
      <Extensions>rc;ico;cur;bmp;dlg;rc2;rct;bin;rgs;gif;jpg;jpeg;jpe;resx;tiff;tif;png;wav;mfcribbon-ms</Extensions>
    </Filter>
  </ItemGroup>
  <ItemGroup>
    <ClInclude Include="barkerspread.hpp">
      <Filter>Header Files</Filter>
    </ClInclude>
    <ClInclude Include="cca.hpp">
      <Filter>Header Files</Filter>
    </ClInclude>
    <ClInclude Include="cck.hpp">
      <Filter>Header Files</Filter>
    </ClInclude>
    <ClInclude Include="ieee80211facade.hpp">
      <Filter>Header Files</Filter>
    </ClInclude>
    <ClInclude Include="PHY_11b.hpp">
      <Filter>Header Files</Filter>
    </ClInclude>
    <ClInclude Include="pulse.hpp">
      <Filter>Header Files</Filter>
    </ClInclude>
    <ClInclude Include="samples.hpp">
      <Filter>Header Files</Filter>
    </ClInclude>
    <ClInclude Include="scramble.hpp">
      <Filter>Header Files</Filter>
    </ClInclude>
    <ClInclude Include="sfd_sync.hpp">
      <Filter>Header Files</Filter>
    </ClInclude>
    <ClInclude Include="symtiming.hpp">
      <Filter>Header Files</Filter>
    </ClInclude>
    <ClInclude Include="conv_enc.hpp">
      <Filter>Header Files</Filter>
    </ClInclude>
    <ClInclude Include="fft.hpp">
      <Filter>Header Files</Filter>
    </ClInclude>
    <ClInclude Include="ieee80211a_cmn.h">
      <Filter>Header Files</Filter>
    </ClInclude>
    <ClInclude Include="ieee80211const.h">
      <Filter>Header Files</Filter>
    </ClInclude>
    <ClInclude Include="interleave.hpp">
      <Filter>Header Files</Filter>
    </ClInclude>
    <ClInclude Include="mapper11a.hpp">
      <Filter>Header Files</Filter>
    </ClInclude>
    <ClInclude Include="PHY_11a.hpp">
      <Filter>Header Files</Filter>
    </ClInclude>
    <ClInclude Include="pilot.hpp">
      <Filter>Header Files</Filter>
    </ClInclude>
    <ClInclude Include="preamble11a.hpp">
      <Filter>Header Files</Filter>
    </ClInclude>
    <ClInclude Include="sampling.hpp">
      <Filter>Header Files</Filter>
    </ClInclude>
    <ClInclude Include="channel_11a.hpp">
      <Filter>Header Files</Filter>
    </ClInclude>
    <ClInclude Include="deinterleaver.hpp">
      <Filter>Header Files</Filter>
    </ClInclude>
    <ClInclude Include="demapper11a.hpp">
      <Filter>Header Files</Filter>
    </ClInclude>
    <ClInclude Include="freqoffset.hpp">
      <Filter>Header Files</Filter>
    </ClInclude>
    <ClInclude Include="viterbi.hpp">
      <Filter>Header Files</Filter>
    </ClInclude>
    <ClInclude Include="viterbicore.h">
      <Filter>Header Files</Filter>
    </ClInclude>
    <ClInclude Include="viterbilut.h">
      <Filter>Header Files</Filter>
    </ClInclude>
    <ClInclude Include="depuncturer.hpp">
      <Filter>Header Files</Filter>
    </ClInclude>
    <ClInclude Include="44MTo40M.hpp">
      <Filter>Header Files</Filter>
    </ClInclude>
    <ClInclude Include="demapper.h">
      <Filter>Header Files</Filter>
    </ClInclude>
    <ClInclude Include="40MTo44M.hpp">
      <Filter>Header Files</Filter>
    </ClInclude>
  </ItemGroup>
</Project>
