
Microsoft Visual Studio Solution File, Format Version 12.00
# Visual Studio 2012
Project("{8BC9CEB8-8B4A-11D0-8D11-00A0C91BC942}") = "HwVeriAlgorithm", "HwVeriAlgorithm\HwVeriAlgorithm.vcxproj", "{3D8B8412-83F5-444B-B8A4-923A96D2832D}"
	ProjectSection(ProjectDependencies) = postProject
		{41B4D811-7CE4-4FE0-8C0F-922FD60B7916} = {41B4D811-7CE4-4FE0-8C0F-922FD60B7916}
		{4E6F9E60-59FC-4B9C-89CF-978B56ED7F64} = {4E6F9E60-59FC-4B9C-89CF-978B56ED7F64}
	EndProjectSection
EndProject
Project("{8BC9CEB8-8B4A-11D0-8D11-00A0C91BC942}") = "dot11a", "dot11a\dot11a.vcxproj", "{3FA53657-944F-4A35-9355-D96C924330AE}"
EndProject
Project("{8BC9CEB8-8B4A-11D0-8D11-00A0C91BC942}") = "Utility", "Utility\Utility.vcxproj", "{41B4D811-7CE4-4FE0-8C0F-922FD60B7916}"
EndProject
Project("{8BC9CEB8-8B4A-11D0-8D11-00A0C91BC942}") = "UMX2", "UMX2\UMX2.vcxproj", "{4E6F9E60-59FC-4B9C-89CF-978B56ED7F64}"
	ProjectSection(ProjectDependencies) = postProject
		{41B4D811-7CE4-4FE0-8C0F-922FD60B7916} = {41B4D811-7CE4-4FE0-8C0F-922FD60B7916}
	EndProjectSection
EndProject
Project("{8BC9CEB8-8B4A-11D0-8D11-00A0C91BC942}") = "TestPlot", "TestPlot\TestPlot.vcxproj", "{D0DE80E9-1C05-4CF8-8485-A0430F00BE09}"
	ProjectSection(ProjectDependencies) = postProject
		{41B4D811-7CE4-4FE0-8C0F-922FD60B7916} = {41B4D811-7CE4-4FE0-8C0F-922FD60B7916}
		{3FA53657-944F-4A35-9355-D96C924330AE} = {3FA53657-944F-4A35-9355-D96C924330AE}
	EndProjectSection
EndProject
Project("{8BC9CEB8-8B4A-11D0-8D11-00A0C91BC942}") = "HwVeri", "Dialog\Dialog.vcxproj", "{06A98D66-84F7-4C45-AC80-7C25C58BBC40}"
	ProjectSection(ProjectDependencies) = postProject
		{41B4D811-7CE4-4FE0-8C0F-922FD60B7916} = {41B4D811-7CE4-4FE0-8C0F-922FD60B7916}
		{3D8B8412-83F5-444B-B8A4-923A96D2832D} = {3D8B8412-83F5-444B-B8A4-923A96D2832D}
		{4C44C149-351A-4AAD-BD9E-58B810370E6E} = {4C44C149-351A-4AAD-BD9E-58B810370E6E}
		{3FA53657-944F-4A35-9355-D96C924330AE} = {3FA53657-944F-4A35-9355-D96C924330AE}
		{4E6F9E60-59FC-4B9C-89CF-978B56ED7F64} = {4E6F9E60-59FC-4B9C-89CF-978B56ED7F64}
	EndProjectSection
EndProject
Project("{8BC9CEB8-8B4A-11D0-8D11-00A0C91BC942}") = "FFTAllIn1", "fft\FFTAllIn1.vcxproj", "{4C44C149-351A-4AAD-BD9E-58B810370E6E}"
EndProject
Global
	GlobalSection(SolutionConfigurationPlatforms) = preSolution
		Debug|Win32 = Debug|Win32
		Release|Win32 = Release|Win32
	EndGlobalSection
	GlobalSection(ProjectConfigurationPlatforms) = postSolution
		{3D8B8412-83F5-444B-B8A4-923A96D2832D}.Debug|Win32.ActiveCfg = Debug|Win32
		{3D8B8412-83F5-444B-B8A4-923A96D2832D}.Debug|Win32.Build.0 = Debug|Win32
		{3D8B8412-83F5-444B-B8A4-923A96D2832D}.Release|Win32.ActiveCfg = Release|Win32
		{3D8B8412-83F5-444B-B8A4-923A96D2832D}.Release|Win32.Build.0 = Release|Win32
		{3FA53657-944F-4A35-9355-D96C924330AE}.Debug|Win32.ActiveCfg = Debug|Win32
		{3FA53657-944F-4A35-9355-D96C924330AE}.Debug|Win32.Build.0 = Debug|Win32
		{3FA53657-944F-4A35-9355-D96C924330AE}.Release|Win32.ActiveCfg = Release|Win32
		{3FA53657-944F-4A35-9355-D96C924330AE}.Release|Win32.Build.0 = Release|Win32
		{41B4D811-7CE4-4FE0-8C0F-922FD60B7916}.Debug|Win32.ActiveCfg = Debug|Win32
		{41B4D811-7CE4-4FE0-8C0F-922FD60B7916}.Debug|Win32.Build.0 = Debug|Win32
		{41B4D811-7CE4-4FE0-8C0F-922FD60B7916}.Release|Win32.ActiveCfg = Release|Win32
		{41B4D811-7CE4-4FE0-8C0F-922FD60B7916}.Release|Win32.Build.0 = Release|Win32
		{4E6F9E60-59FC-4B9C-89CF-978B56ED7F64}.Debug|Win32.ActiveCfg = Debug|Win32
		{4E6F9E60-59FC-4B9C-89CF-978B56ED7F64}.Debug|Win32.Build.0 = Debug|Win32
		{4E6F9E60-59FC-4B9C-89CF-978B56ED7F64}.Release|Win32.ActiveCfg = Release|Win32
		{4E6F9E60-59FC-4B9C-89CF-978B56ED7F64}.Release|Win32.Build.0 = Release|Win32
		{D0DE80E9-1C05-4CF8-8485-A0430F00BE09}.Debug|Win32.ActiveCfg = Debug|Win32
		{D0DE80E9-1C05-4CF8-8485-A0430F00BE09}.Debug|Win32.Build.0 = Debug|Win32
		{D0DE80E9-1C05-4CF8-8485-A0430F00BE09}.Release|Win32.ActiveCfg = Release|Win32
		{D0DE80E9-1C05-4CF8-8485-A0430F00BE09}.Release|Win32.Build.0 = Release|Win32
		{06A98D66-84F7-4C45-AC80-7C25C58BBC40}.Debug|Win32.ActiveCfg = Debug|Win32
		{06A98D66-84F7-4C45-AC80-7C25C58BBC40}.Debug|Win32.Build.0 = Debug|Win32
		{06A98D66-84F7-4C45-AC80-7C25C58BBC40}.Release|Win32.ActiveCfg = Release|Win32
		{06A98D66-84F7-4C45-AC80-7C25C58BBC40}.Release|Win32.Build.0 = Release|Win32
		{4C44C149-351A-4AAD-BD9E-58B810370E6E}.Debug|Win32.ActiveCfg = Debug|Win32
		{4C44C149-351A-4AAD-BD9E-58B810370E6E}.Debug|Win32.Build.0 = Debug|Win32
		{4C44C149-351A-4AAD-BD9E-58B810370E6E}.Release|Win32.ActiveCfg = Release|Win32
		{4C44C149-351A-4AAD-BD9E-58B810370E6E}.Release|Win32.Build.0 = Release|Win32
	EndGlobalSection
	GlobalSection(SolutionProperties) = preSolution
		HideSolutionNode = FALSE
	EndGlobalSection
EndGlobal
