<?xml version="1.0" encoding="utf-8"?>
<Project ToolsVersion="4.0" xmlns="http://schemas.microsoft.com/developer/msbuild/2003">
  <ItemGroup>
    <Filter Include="Source Files">
      <UniqueIdentifier>{4FC737F1-C7A5-4376-A066-2A32D752A2FF}</UniqueIdentifier>
      <Extensions>cpp;c;cc;cxx;def;odl;idl;hpj;bat;asm;asmx</Extensions>
    </Filter>
    <Filter Include="Header Files">
      <UniqueIdentifier>{93995380-89BD-4b04-88EB-625FBE52EBFB}</UniqueIdentifier>
      <Extensions>h;hpp;hxx;hm;inl;inc;xsd</Extensions>
    </Filter>
    <Filter Include="Resource Files">
      <UniqueIdentifier>{67DA6AB6-F800-4c08-8B7A-83BB121AAD01}</UniqueIdentifier>
      <Extensions>rc;ico;cur;bmp;dlg;rc2;rct;bin;rgs;gif;jpg;jpeg;jpe;resx;tiff;tif;png;wav;mfcribbon-ms</Extensions>
    </Filter>
  </ItemGroup>
  <ItemGroup>
    <None Include="ReadMe.txt" />
  </ItemGroup>
  <ItemGroup>
    <ClCompile Include="..\DebugPlotU\AppSettings.cpp">
      <Filter>Source Files</Filter>
    </ClCompile>
    <ClCompile Include="..\DebugPlotU\BlockBufferAllocator.cpp">
      <Filter>Source Files</Filter>
    </ClCompile>
    <ClCompile Include="..\DebugPlotU\ChannelBufferImpl.cpp">
      <Filter>Source Files</Filter>
    </ClCompile>
    <ClCompile Include="..\DebugPlotU\ChannelManager.cpp">
      <Filter>Source Files</Filter>
    </ClCompile>
    <ClCompile Include="..\DebugPlotU\DebugPlotU.cpp">
      <Filter>Source Files</Filter>
    </ClCompile>
    <ClCompile Include="..\DebugPlotU\FixedSizeFifo.cpp">
      <Filter>Source Files</Filter>
    </ClCompile>
    <ClCompile Include="..\DebugPlotU\GlobalSingleton.cpp">
      <Filter>Source Files</Filter>
    </ClCompile>
    <ClCompile Include="..\DebugPlotU\ProcessGlobal.cpp">
      <Filter>Source Files</Filter>
    </ClCompile>
    <ClCompile Include="..\DebugPlotU\SharedChannelW.cpp">
      <Filter>Source Files</Filter>
    </ClCompile>
    <ClCompile Include="..\DebugPlotU\SharedNameManagement.cpp">
      <Filter>Source Files</Filter>
    </ClCompile>
    <ClCompile Include="..\DebugPlotU\SharedStruct.cpp">
      <Filter>Source Files</Filter>
    </ClCompile>
    <ClCompile Include="..\DebugPlotU\SmChannel.cpp">
      <Filter>Source Files</Filter>
    </ClCompile>
    <ClCompile Include="..\DebugPlotU\SmProcess.cpp">
      <Filter>Source Files</Filter>
    </ClCompile>
  </ItemGroup>
  <ItemGroup>
    <ClInclude Include="..\DebugPlotU\AppSettings.h">
      <Filter>Header Files</Filter>
    </ClInclude>
    <ClInclude Include="..\DebugPlotU\BlockBufferAllocator.h">
      <Filter>Header Files</Filter>
    </ClInclude>
    <ClInclude Include="..\DebugPlotU\ChannelBufferImpl.h">
      <Filter>Header Files</Filter>
    </ClInclude>
    <ClInclude Include="..\DebugPlotU\ChannelManager.h">
      <Filter>Header Files</Filter>
    </ClInclude>
    <ClInclude Include="..\DebugPlotU\DebugPlotU.h">
      <Filter>Header Files</Filter>
    </ClInclude>
    <ClInclude Include="..\DebugPlotU\FixedSizeFifo.h">
      <Filter>Header Files</Filter>
    </ClInclude>
    <ClInclude Include="..\DebugPlotU\GlobalSingleton.h">
      <Filter>Header Files</Filter>
    </ClInclude>
    <ClInclude Include="..\DebugPlotU\HashTable.h">
      <Filter>Header Files</Filter>
    </ClInclude>
    <ClInclude Include="..\DebugPlotU\IChannelBuffer.h">
      <Filter>Header Files</Filter>
    </ClInclude>
    <ClInclude Include="..\DebugPlotU\ProcessGlobal.h">
      <Filter>Header Files</Filter>
    </ClInclude>
    <ClInclude Include="..\DebugPlotU\SharedChannelW.h">
      <Filter>Header Files</Filter>
    </ClInclude>
    <ClInclude Include="..\DebugPlotU\SharedNameManagement.h">
      <Filter>Header Files</Filter>
    </ClInclude>
    <ClInclude Include="..\DebugPlotU\SharedStruct.h">
      <Filter>Header Files</Filter>
    </ClInclude>
    <ClInclude Include="..\DebugPlotU\SimpleVector.h">
      <Filter>Header Files</Filter>
    </ClInclude>
    <ClInclude Include="..\DebugPlotU\SmChannel.h">
      <Filter>Header Files</Filter>
    </ClInclude>
    <ClInclude Include="..\DebugPlotU\SmProcess.h">
      <Filter>Header Files</Filter>
    </ClInclude>
    <ClInclude Include="..\DebugPlotU\SpinLock.h">
      <Filter>Header Files</Filter>
    </ClInclude>
  </ItemGroup>
</Project>